{
  "version": 4,
  "terraform_version": "1.5.6",
  "serial": 35,
  "lineage": "153744fe-1d6a-a5ba-d7f6-28c5efa055f4",
  "outputs": {},
  "resources": [
    {
      "mode": "data",
      "type": "google_secret_manager_secret_version",
      "name": "db_password",
      "provider": "provider[\"registry.terraform.io/hashicorp/google\"]",
      "instances": [
        {
          "schema_version": 0,
          "attributes": {
            "create_time": "2023-08-25T03:12:23.861145Z",
            "destroy_time": null,
            "enabled": true,
            "id": "projects/994970677374/secrets/arcs-db-password/versions/1",
            "name": "projects/994970677374/secrets/arcs-db-password/versions/1",
            "project": "arcs-391022",
            "secret": "arcs-db-password",
            "secret_data": "OL1nbass47WWOnv",
            "version": "1"
          },
          "sensitive_attributes": []
        }
      ]
    },
    {
      "mode": "managed",
      "type": "google_compute_global_address",
      "name": "private_range",
      "provider": "provider[\"registry.terraform.io/hashicorp/google\"]",
      "instances": [
        {
          "schema_version": 0,
          "attributes": {
            "address": "10.223.0.0",
            "address_type": "INTERNAL",
            "creation_timestamp": "2023-08-25T00:19:51.598-07:00",
            "description": "",
            "id": "projects/arcs-391022/global/addresses/private-range",
            "ip_version": "",
            "name": "private-range",
            "network": "https://www.googleapis.com/compute/v1/projects/arcs-391022/global/networks/arcs-vpc",
            "prefix_length": 16,
            "project": "arcs-391022",
            "purpose": "VPC_PEERING",
            "self_link": "https://www.googleapis.com/compute/v1/projects/arcs-391022/global/addresses/private-range",
            "timeouts": null
          },
          "sensitive_attributes": [],
          "private": "eyJlMmJmYjczMC1lY2FhLTExZTYtOGY4OC0zNDM2M2JjN2M0YzAiOnsiY3JlYXRlIjoxMjAwMDAwMDAwMDAwLCJkZWxldGUiOjEyMDAwMDAwMDAwMDB9fQ==",
          "dependencies": [
            "google_compute_network.custom_vpc"
          ]
        }
      ]
    },
    {
      "mode": "managed",
      "type": "google_compute_network",
      "name": "custom_vpc",
      "provider": "provider[\"registry.terraform.io/hashicorp/google\"]",
      "instances": [
        {
          "schema_version": 0,
          "attributes": {
            "auto_create_subnetworks": false,
            "delete_default_routes_on_create": false,
            "description": "Custom VPC for our infrastructure",
            "enable_ula_internal_ipv6": false,
            "gateway_ipv4": "",
            "id": "projects/arcs-391022/global/networks/arcs-vpc",
            "internal_ipv6_range": "",
            "mtu": 0,
            "name": "arcs-vpc",
            "network_firewall_policy_enforcement_order": "AFTER_CLASSIC_FIREWALL",
            "project": "arcs-391022",
            "routing_mode": "REGIONAL",
            "self_link": "https://www.googleapis.com/compute/v1/projects/arcs-391022/global/networks/arcs-vpc",
            "timeouts": null
          },
          "sensitive_attributes": [],
          "private": "eyJlMmJmYjczMC1lY2FhLTExZTYtOGY4OC0zNDM2M2JjN2M0YzAiOnsiY3JlYXRlIjoxMjAwMDAwMDAwMDAwLCJkZWxldGUiOjEyMDAwMDAwMDAwMDAsInVwZGF0ZSI6MTIwMDAwMDAwMDAwMH19"
        }
      ]
    },
    {
      "mode": "managed",
      "type": "google_compute_subnetwork",
      "name": "custom_subnet",
      "provider": "provider[\"registry.terraform.io/hashicorp/google\"]",
      "instances": [
        {
          "schema_version": 0,
          "attributes": {
            "creation_timestamp": "2023-08-25T11:43:18.827-07:00",
            "description": "",
            "external_ipv6_prefix": "",
            "fingerprint": null,
            "gateway_address": "10.0.0.1",
            "id": "projects/arcs-391022/regions/us-central1/subnetworks/arcs-subnet",
            "ip_cidr_range": "10.0.0.0/16",
            "ipv6_access_type": "",
            "ipv6_cidr_range": "",
            "log_config": [],
            "name": "arcs-subnet",
            "network": "https://www.googleapis.com/compute/v1/projects/arcs-391022/global/networks/arcs-vpc",
            "private_ip_google_access": true,
            "private_ipv6_google_access": "DISABLE_GOOGLE_ACCESS",
            "project": "arcs-391022",
            "purpose": "PRIVATE",
            "region": "us-central1",
            "role": "",
            "secondary_ip_range": [
              {
                "ip_cidr_range": "10.12.0.0/20",
                "range_name": "gke-arcs-go-cluster-services-2f6346d5"
              },
              {
                "ip_cidr_range": "10.8.0.0/14",
                "range_name": "gke-arcs-go-cluster-pods-2f6346d5"
              }
            ],
            "self_link": "https://www.googleapis.com/compute/v1/projects/arcs-391022/regions/us-central1/subnetworks/arcs-subnet",
            "stack_type": "IPV4_ONLY",
            "timeouts": null
          },
          "sensitive_attributes": [],
          "private": "eyJlMmJmYjczMC1lY2FhLTExZTYtOGY4OC0zNDM2M2JjN2M0YzAiOnsiY3JlYXRlIjoxMjAwMDAwMDAwMDAwLCJkZWxldGUiOjEyMDAwMDAwMDAwMDAsInVwZGF0ZSI6MTIwMDAwMDAwMDAwMH19",
          "dependencies": [
            "google_compute_network.custom_vpc"
          ]
        }
      ]
    },
    {
      "mode": "managed",
      "type": "google_container_cluster",
      "name": "primary",
      "provider": "provider[\"registry.terraform.io/hashicorp/google\"]",
      "instances": [
        {
          "schema_version": 1,
          "attributes": {
            "addons_config": [
              {
                "cloudrun_config": [],
                "config_connector_config": [],
                "dns_cache_config": [],
                "gce_persistent_disk_csi_driver_config": [
                  {
                    "enabled": true
                  }
                ],
                "gcp_filestore_csi_driver_config": [],
                "gcs_fuse_csi_driver_config": [],
                "gke_backup_agent_config": [],
                "horizontal_pod_autoscaling": [],
                "http_load_balancing": [],
                "network_policy_config": [
                  {
                    "disabled": true
                  }
                ]
              }
            ],
            "allow_net_admin": null,
            "authenticator_groups_config": [],
            "binary_authorization": [
              {
                "enabled": false,
                "evaluation_mode": ""
              }
            ],
            "cluster_autoscaling": [
              {
                "auto_provisioning_defaults": [],
                "enabled": false,
                "resource_limits": []
              }
            ],
            "cluster_ipv4_cidr": "10.8.0.0/14",
            "confidential_nodes": [],
            "cost_management_config": [],
            "database_encryption": [
              {
                "key_name": "",
                "state": "DECRYPTED"
              }
            ],
            "datapath_provider": "",
            "default_max_pods_per_node": 110,
            "default_snat_status": [
              {
                "disabled": false
              }
            ],
            "description": "",
            "dns_config": [],
            "enable_autopilot": false,
            "enable_binary_authorization": false,
            "enable_intranode_visibility": false,
            "enable_k8s_beta_apis": [],
            "enable_kubernetes_alpha": false,
            "enable_l4_ilb_subsetting": false,
            "enable_legacy_abac": false,
            "enable_shielded_nodes": true,
            "enable_tpu": false,
            "endpoint": "172.16.0.2",
            "gateway_api_config": [],
            "id": "projects/arcs-391022/locations/us-central1/clusters/arcs-go-cluster",
            "initial_node_count": 1,
            "ip_allocation_policy": [
              {
                "cluster_ipv4_cidr_block": "10.8.0.0/14",
                "cluster_secondary_range_name": "gke-arcs-go-cluster-pods-2f6346d5",
                "pod_cidr_overprovision_config": [
                  {
                    "disabled": false
                  }
                ],
                "services_ipv4_cidr_block": "10.12.0.0/20",
                "services_secondary_range_name": "gke-arcs-go-cluster-services-2f6346d5",
                "stack_type": "IPV4"
              }
            ],
            "label_fingerprint": "a9dc16a7",
            "location": "us-central1",
            "logging_config": [
              {
                "enable_components": [
                  "SYSTEM_COMPONENTS",
                  "WORKLOADS"
                ]
              }
            ],
            "logging_service": "logging.googleapis.com/kubernetes",
            "maintenance_policy": [],
            "master_auth": [
              {
                "client_certificate": "",
                "client_certificate_config": [
                  {
                    "issue_client_certificate": false
                  }
                ],
                "client_key": "",
                "cluster_ca_certificate": "LS0tLS1CRUdJTiBDRVJUSUZJQ0FURS0tLS0tCk1JSUVMVENDQXBXZ0F3SUJBZ0lSQU5CamowSVB5S2NNVnpIQmU2Q3I0YkF3RFFZSktvWklodmNOQVFFTEJRQXcKTHpFdE1Dc0dBMVVFQXhNa1pXWTNZVEpoTVRjdFpHVXhPQzAwT1RNMkxXSmpNVFF0TldFeU5ESTRaamc1TXpneApNQ0FYRFRJek1EZ3lOVEU1TlRjd00xb1lEekl3TlRNd09ERTNNakExTnpBeldqQXZNUzB3S3dZRFZRUURFeVJsClpqZGhNbUV4Tnkxa1pURTRMVFE1TXpZdFltTXhOQzAxWVRJME1qaG1PRGt6T0RFd2dnR2lNQTBHQ1NxR1NJYjMKRFFFQkFRVUFBNElCandBd2dnR0tBb0lCZ1FDNm1INXBsV3ZzY1lyQmdwVHlsWk0yOGhWNDBua1NsbEZid0V3VApCMnFENXFnWWdRaEtCMmF6ZVVVNkpTak9Zb0tDQzRXQWJaaVFLVXhrQUVzMXRrVEZDNWZhTUhMWnc5dUwvbW5mCllvQWZ0Y29qc014MlRWdGxhWE95RVMyUmFtb24xUC84ZXpaRzRZSm81WU9CbHk3YlZGbkI5YVZuSjBOK0svMmQKcUJ5aFFDRERlK0dSSUZQTXRQcW1walRWTlhrUWJ5bjhHTDA5MW10NUVPMCtXeTRxM0h5VkpXczc3UmluVFYxSQpjcGxSSG5iV2RaRmNFREdpdU85YkNNb0FBNFBTNHZWbWp4b0IyVmtIVm00N2FFbDkxelpoT1ltMlcxTmZKbzNzClY4WTRZMWVHUEM2T01XR1d0WnJiUGNOTFpKVGNHQWc2T2FOR0NNSlhlbzlyWlR1OVo3ckhGQUZDcnAxT09PV3IKVzVLYkg1R2t4ZlJZbVBEZkVZK2gvRVRhekZIdDZnbEp5MzRJOUUxaUQ3aE1WK1J4QlV2ZUV4QU1xTlhzSWV4YQo1cktId25wcjl0Tnp2UHUxS2xBSDRnL0V3Sk94TURmdFkwSkpRRTRqZHVrc1R2OXJZVXpXLzg3MUlxS0hKdWZqCnQrUU5OVExIMEJIaFRaSDZPV3BOYm1ZWklXa0NBd0VBQWFOQ01FQXdEZ1lEVlIwUEFRSC9CQVFEQWdJRU1BOEcKQTFVZEV3RUIvd1FGTUFNQkFmOHdIUVlEVlIwT0JCWUVGSWUyUTI2cnFGUVNvYU5FNysxRElnQjh5S2NoTUEwRwpDU3FHU0liM0RRRUJDd1VBQTRJQmdRQUk3aWxIVU9GbHBieFJSclVGbklmSUlLRnh2TXhUZHpTN0Jvdk14aFNICmF0K1MrL1ZrRDZkT2phcmY0WEpNdzVjRVpPVWZkVE43cUJLUm8rL0hOZmR5ckI4NngxVi9EYWFhemIrb25GTTAKbWkzYzRGaUVJTTMzbXY5bHkybkw1ODJ5Z2hjRFhaMFBVTzYzQlo2VVczTG11WUVoaUM4OHo2b0NVS3c5dGpHcwpwQVhKSVVDTHVML3hlYlNnWWlFckRUNDhTZTl1aGkyR1V0YkJ2b01WcXo3bnhKUFJmeHAzR09wbGZhcEhtOFNGCjUyN1JqTVdNUVFzUzFGbFhyUlR4OENqcThTWXBndHpYWkh5WGx1Mk1odWFsZzBabE5JL3ZuMDhERHlNd1dYaVQKdFhoYWdpNGs4OTFwRDBGajJmTm5JMDNHbkdyQTJSU1ByMEtHaG1kRTNyQzBZQnA0d3dKSjd5YVlEL3VxZGptaAo0OFFYaE5VdzAvM1drcFpRMWlDWUVEVmpBQmZPcDBka1A4QkxJbGl6d3BzTTl0UDdQMWRLS0JuNkwyMnlIeWhyCkpNY1ZJODY1Rms4V3l4L1U2TkY2a3VuZURpSWdKanJVVm5VSzQ5cUhTeEVkaXdVNTVJV2g4amIwelZlWXozK0UKY1hIN3g0YWdGQzFMcG04d1gvWXpvblk9Ci0tLS0tRU5EIENFUlRJRklDQVRFLS0tLS0K"
              }
            ],
            "master_authorized_networks_config": [
              {
                "cidr_blocks": [
                  {
                    "cidr_block": "192.168.0.0/24",
                    "display_name": "My network"
                  }
                ],
                "gcp_public_cidrs_access_enabled": false
              }
            ],
            "master_version": "1.27.3-gke.100",
            "mesh_certificates": [],
            "min_master_version": null,
            "monitoring_config": [
              {
                "advanced_datapath_observability_config": [
                  {
                    "enable_metrics": false,
                    "relay_mode": "DISABLED"
                  }
                ],
                "enable_components": [
                  "SYSTEM_COMPONENTS"
                ],
                "managed_prometheus": [
                  {
                    "enabled": true
                  }
                ]
              }
            ],
            "monitoring_service": "monitoring.googleapis.com/kubernetes",
            "name": "arcs-go-cluster",
            "network": "projects/arcs-391022/global/networks/arcs-vpc",
            "network_policy": [
              {
                "enabled": false,
                "provider": "PROVIDER_UNSPECIFIED"
              }
            ],
            "networking_mode": "VPC_NATIVE",
            "node_config": [
              {
                "advanced_machine_features": [],
                "boot_disk_kms_key": "",
                "disk_size_gb": 30,
                "disk_type": "pd-balanced",
                "ephemeral_storage_local_ssd_config": [],
                "gcfs_config": [],
                "guest_accelerator": [],
                "gvnic": [],
                "host_maintenance_policy": [],
                "image_type": "COS_CONTAINERD",
                "kubelet_config": [],
                "labels": {},
                "linux_node_config": [],
                "local_nvme_ssd_block_config": [],
                "local_ssd_count": 0,
                "logging_variant": "DEFAULT",
                "machine_type": "n1-standard-1",
                "metadata": {
                  "disable-legacy-endpoints": "true"
                },
                "min_cpu_platform": "",
                "node_group": "",
                "oauth_scopes": [
                  "https://www.googleapis.com/auth/devstorage.read_only",
                  "https://www.googleapis.com/auth/logging.write",
                  "https://www.googleapis.com/auth/monitoring",
                  "https://www.googleapis.com/auth/service.management.readonly",
                  "https://www.googleapis.com/auth/servicecontrol",
                  "https://www.googleapis.com/auth/trace.append"
                ],
                "preemptible": false,
                "reservation_affinity": [],
                "resource_labels": {},
                "service_account": "default",
                "shielded_instance_config": [
                  {
                    "enable_integrity_monitoring": true,
                    "enable_secure_boot": false
                  }
                ],
                "sole_tenant_config": [],
                "spot": false,
                "tags": [],
                "taint": [],
                "workload_metadata_config": []
              }
            ],
            "node_locations": [
              "us-central1-a",
              "us-central1-b",
              "us-central1-c"
            ],
            "node_pool": [
              {
                "autoscaling": [],
                "initial_node_count": 3,
                "instance_group_urls": [
                  "https://www.googleapis.com/compute/v1/projects/arcs-391022/zones/us-central1-b/instanceGroupManagers/gke-arcs-go-cluster-arcs-go-cluster-n-d631988a-grp",
                  "https://www.googleapis.com/compute/v1/projects/arcs-391022/zones/us-central1-a/instanceGroupManagers/gke-arcs-go-cluster-arcs-go-cluster-n-9f2d0355-grp",
                  "https://www.googleapis.com/compute/v1/projects/arcs-391022/zones/us-central1-c/instanceGroupManagers/gke-arcs-go-cluster-arcs-go-cluster-n-90da815c-grp"
                ],
                "managed_instance_group_urls": [
                  "https://www.googleapis.com/compute/v1/projects/arcs-391022/zones/us-central1-b/instanceGroups/gke-arcs-go-cluster-arcs-go-cluster-n-d631988a-grp",
                  "https://www.googleapis.com/compute/v1/projects/arcs-391022/zones/us-central1-a/instanceGroups/gke-arcs-go-cluster-arcs-go-cluster-n-9f2d0355-grp",
                  "https://www.googleapis.com/compute/v1/projects/arcs-391022/zones/us-central1-c/instanceGroups/gke-arcs-go-cluster-arcs-go-cluster-n-90da815c-grp"
                ],
                "management": [
                  {
                    "auto_repair": true,
                    "auto_upgrade": true
                  }
                ],
                "max_pods_per_node": 110,
                "name": "arcs-go-cluster-node-pool",
                "name_prefix": "",
                "network_config": [
                  {
                    "create_pod_range": false,
                    "enable_private_nodes": false,
                    "pod_cidr_overprovision_config": [],
                    "pod_ipv4_cidr_block": "10.8.0.0/14",
                    "pod_range": "gke-arcs-go-cluster-pods-2f6346d5"
                  }
                ],
                "node_config": [
                  {
                    "advanced_machine_features": [],
                    "boot_disk_kms_key": "",
                    "disk_size_gb": 30,
                    "disk_type": "pd-balanced",
                    "ephemeral_storage_local_ssd_config": [],
                    "gcfs_config": [],
                    "guest_accelerator": [],
                    "gvnic": [],
                    "host_maintenance_policy": [],
                    "image_type": "COS_CONTAINERD",
                    "kubelet_config": [],
                    "labels": {},
                    "linux_node_config": [],
                    "local_nvme_ssd_block_config": [],
                    "local_ssd_count": 0,
                    "logging_variant": "DEFAULT",
                    "machine_type": "n1-standard-1",
                    "metadata": {
                      "disable-legacy-endpoints": "true"
                    },
                    "min_cpu_platform": "",
                    "node_group": "",
                    "oauth_scopes": [
                      "https://www.googleapis.com/auth/devstorage.read_only",
                      "https://www.googleapis.com/auth/logging.write",
                      "https://www.googleapis.com/auth/monitoring",
                      "https://www.googleapis.com/auth/service.management.readonly",
                      "https://www.googleapis.com/auth/servicecontrol",
                      "https://www.googleapis.com/auth/trace.append"
                    ],
                    "preemptible": false,
                    "reservation_affinity": [],
                    "resource_labels": {},
                    "service_account": "default",
                    "shielded_instance_config": [
                      {
                        "enable_integrity_monitoring": true,
                        "enable_secure_boot": false
                      }
                    ],
                    "sole_tenant_config": [],
                    "spot": false,
                    "tags": [],
                    "taint": [],
                    "workload_metadata_config": []
                  }
                ],
                "node_count": 3,
                "node_locations": [
                  "us-central1-a",
                  "us-central1-b",
                  "us-central1-c"
                ],
                "placement_policy": [],
                "upgrade_settings": [
                  {
                    "blue_green_settings": [],
                    "max_surge": 1,
                    "max_unavailable": 0,
                    "strategy": "SURGE"
                  }
                ],
                "version": "1.27.3-gke.100"
              }
            ],
            "node_pool_defaults": [
              {
                "node_config_defaults": [
                  {
                    "logging_variant": "DEFAULT"
                  }
                ]
              }
            ],
            "node_version": "1.27.3-gke.100",
            "notification_config": [
              {
                "pubsub": [
                  {
                    "enabled": false,
                    "filter": [],
                    "topic": ""
                  }
                ]
              }
            ],
            "operation": null,
            "private_cluster_config": [
              {
                "enable_private_endpoint": true,
                "enable_private_nodes": true,
                "master_global_access_config": [
                  {
                    "enabled": false
                  }
                ],
                "master_ipv4_cidr_block": "172.16.0.0/28",
                "peering_name": "gke-nabc2bf08dd6b9b7d6e2-97f8-2b6d-peer",
                "private_endpoint": "172.16.0.2",
                "private_endpoint_subnetwork": "",
                "public_endpoint": "104.154.38.88"
              }
            ],
            "private_ipv6_google_access": "",
            "project": "arcs-391022",
            "release_channel": [
              {
                "channel": "REGULAR"
              }
            ],
            "remove_default_node_pool": true,
            "resource_labels": {},
            "resource_usage_export_config": [],
            "security_posture_config": [
              {
                "mode": "BASIC",
                "vulnerability_mode": "VULNERABILITY_MODE_UNSPECIFIED"
              }
            ],
            "self_link": "https://container.googleapis.com/v1/projects/arcs-391022/locations/us-central1/clusters/arcs-go-cluster",
            "service_external_ips_config": [
              {
                "enabled": false
              }
            ],
            "services_ipv4_cidr": "10.12.0.0/20",
            "subnetwork": "projects/arcs-391022/regions/us-central1/subnetworks/arcs-subnet",
            "timeouts": null,
            "tpu_ipv4_cidr_block": "",
            "vertical_pod_autoscaling": [],
            "workload_identity_config": []
          },
          "sensitive_attributes": [],
          "private": "eyJlMmJmYjczMC1lY2FhLTExZTYtOGY4OC0zNDM2M2JjN2M0YzAiOnsiY3JlYXRlIjoyNDAwMDAwMDAwMDAwLCJkZWxldGUiOjI0MDAwMDAwMDAwMDAsInJlYWQiOjI0MDAwMDAwMDAwMDAsInVwZGF0ZSI6MzYwMDAwMDAwMDAwMH0sInNjaGVtYV92ZXJzaW9uIjoiMSJ9",
          "dependencies": [
            "google_compute_network.custom_vpc",
            "google_compute_subnetwork.custom_subnet"
          ]
        }
      ]
    },
    {
      "mode": "managed",
      "type": "google_container_node_pool",
      "name": "primary_nodes",
      "provider": "provider[\"registry.terraform.io/hashicorp/google\"]",
      "instances": [
        {
          "schema_version": 1,
          "attributes": {
            "autoscaling": [],
            "cluster": "arcs-go-cluster",
            "id": "projects/arcs-391022/locations/us-central1/clusters/arcs-go-cluster/nodePools/arcs-go-cluster-node-pool",
            "initial_node_count": 3,
            "instance_group_urls": [
              "https://www.googleapis.com/compute/v1/projects/arcs-391022/zones/us-central1-b/instanceGroupManagers/gke-arcs-go-cluster-arcs-go-cluster-n-d631988a-grp",
              "https://www.googleapis.com/compute/v1/projects/arcs-391022/zones/us-central1-a/instanceGroupManagers/gke-arcs-go-cluster-arcs-go-cluster-n-9f2d0355-grp",
              "https://www.googleapis.com/compute/v1/projects/arcs-391022/zones/us-central1-c/instanceGroupManagers/gke-arcs-go-cluster-arcs-go-cluster-n-90da815c-grp"
            ],
            "location": "us-central1",
            "managed_instance_group_urls": [
              "https://www.googleapis.com/compute/v1/projects/arcs-391022/zones/us-central1-b/instanceGroups/gke-arcs-go-cluster-arcs-go-cluster-n-d631988a-grp",
              "https://www.googleapis.com/compute/v1/projects/arcs-391022/zones/us-central1-a/instanceGroups/gke-arcs-go-cluster-arcs-go-cluster-n-9f2d0355-grp",
              "https://www.googleapis.com/compute/v1/projects/arcs-391022/zones/us-central1-c/instanceGroups/gke-arcs-go-cluster-arcs-go-cluster-n-90da815c-grp"
            ],
            "management": [
              {
                "auto_repair": true,
                "auto_upgrade": true
              }
            ],
            "max_pods_per_node": 110,
            "name": "arcs-go-cluster-node-pool",
            "name_prefix": "",
            "network_config": [
              {
                "create_pod_range": false,
                "enable_private_nodes": false,
                "pod_cidr_overprovision_config": [],
                "pod_ipv4_cidr_block": "10.8.0.0/14",
                "pod_range": "gke-arcs-go-cluster-pods-2f6346d5"
              }
            ],
            "node_config": [
              {
                "advanced_machine_features": [],
                "boot_disk_kms_key": "",
                "disk_size_gb": 30,
                "disk_type": "pd-balanced",
                "ephemeral_storage_local_ssd_config": [],
                "gcfs_config": [],
                "guest_accelerator": [],
                "gvnic": [],
                "host_maintenance_policy": [],
                "image_type": "COS_CONTAINERD",
                "kubelet_config": [],
                "labels": {},
                "linux_node_config": [],
                "local_nvme_ssd_block_config": [],
                "local_ssd_count": 0,
                "logging_variant": "DEFAULT",
                "machine_type": "n1-standard-1",
                "metadata": {
                  "disable-legacy-endpoints": "true"
                },
                "min_cpu_platform": "",
                "node_group": "",
                "oauth_scopes": [
                  "https://www.googleapis.com/auth/devstorage.read_only",
                  "https://www.googleapis.com/auth/logging.write",
                  "https://www.googleapis.com/auth/monitoring",
                  "https://www.googleapis.com/auth/service.management.readonly",
                  "https://www.googleapis.com/auth/servicecontrol",
                  "https://www.googleapis.com/auth/trace.append"
                ],
                "preemptible": false,
                "reservation_affinity": [],
                "resource_labels": {},
                "service_account": "default",
                "shielded_instance_config": [
                  {
                    "enable_integrity_monitoring": true,
                    "enable_secure_boot": false
                  }
                ],
                "sole_tenant_config": [],
                "spot": false,
                "tags": [],
                "taint": [],
                "workload_metadata_config": []
              }
            ],
            "node_count": 3,
            "node_locations": [
              "us-central1-a",
              "us-central1-b",
              "us-central1-c"
            ],
            "operation": null,
            "placement_policy": [],
            "project": "arcs-391022",
            "timeouts": null,
            "upgrade_settings": [
              {
                "blue_green_settings": [],
                "max_surge": 1,
                "max_unavailable": 0,
                "strategy": "SURGE"
              }
            ],
            "version": "1.27.3-gke.100"
          },
          "sensitive_attributes": [],
          "private": "eyJlMmJmYjczMC1lY2FhLTExZTYtOGY4OC0zNDM2M2JjN2M0YzAiOnsiY3JlYXRlIjoxODAwMDAwMDAwMDAwLCJkZWxldGUiOjE4MDAwMDAwMDAwMDAsInVwZGF0ZSI6MTgwMDAwMDAwMDAwMH0sInNjaGVtYV92ZXJzaW9uIjoiMSJ9",
          "dependencies": [
            "google_compute_network.custom_vpc",
            "google_compute_subnetwork.custom_subnet",
            "google_container_cluster.primary"
          ]
        }
      ]
    },
    {
      "mode": "managed",
      "type": "google_service_networking_connection",
      "name": "private_vpc_connection",
      "provider": "provider[\"registry.terraform.io/hashicorp/google\"]",
      "instances": [
        {
          "schema_version": 0,
          "attributes": {
            "id": "https%3A%2F%2Fwww.googleapis.com%2Fcompute%2Fv1%2Fprojects%2Farcs-391022%2Fglobal%2Fnetworks%2Farcs-vpc:servicenetworking.googleapis.com",
            "network": "https://www.googleapis.com/compute/v1/projects/arcs-391022/global/networks/arcs-vpc",
            "peering": "servicenetworking-googleapis-com",
            "reserved_peering_ranges": [
              "private-range"
            ],
            "service": "servicenetworking.googleapis.com",
            "timeouts": null
          },
          "sensitive_attributes": [],
          "private": "eyJlMmJmYjczMC1lY2FhLTExZTYtOGY4OC0zNDM2M2JjN2M0YzAiOnsiY3JlYXRlIjo2MDAwMDAwMDAwMDAsImRlbGV0ZSI6NjAwMDAwMDAwMDAwLCJ1cGRhdGUiOjYwMDAwMDAwMDAwMH19",
          "dependencies": [
            "google_compute_global_address.private_range",
            "google_compute_network.custom_vpc"
          ]
        }
      ]
    },
    {
      "mode": "managed",
      "type": "google_sql_database",
      "name": "default",
      "provider": "provider[\"registry.terraform.io/hashicorp/google\"]",
      "instances": [
        {
          "schema_version": 0,
          "attributes": {
            "charset": "UTF8",
            "collation": "en_US.UTF8",
            "deletion_policy": "DELETE",
            "id": "projects/arcs-391022/instances/arcs-sql-instance/databases/arcs_db",
            "instance": "arcs-sql-instance",
            "name": "arcs_db",
            "project": "arcs-391022",
            "self_link": "https://sqladmin.googleapis.com/sql/v1beta4/projects/arcs-391022/instances/arcs-sql-instance/databases/arcs_db",
            "timeouts": null
          },
          "sensitive_attributes": [],
          "private": "eyJlMmJmYjczMC1lY2FhLTExZTYtOGY4OC0zNDM2M2JjN2M0YzAiOnsiY3JlYXRlIjoxMjAwMDAwMDAwMDAwLCJkZWxldGUiOjEyMDAwMDAwMDAwMDAsInVwZGF0ZSI6MTIwMDAwMDAwMDAwMH19",
          "dependencies": [
            "google_compute_global_address.private_range",
            "google_compute_network.custom_vpc",
            "google_service_networking_connection.private_vpc_connection",
            "google_sql_database_instance.default"
          ]
        }
      ]
    },
    {
      "mode": "managed",
      "type": "google_sql_database_instance",
      "name": "default",
      "provider": "provider[\"registry.terraform.io/hashicorp/google\"]",
      "instances": [
        {
          "schema_version": 0,
          "attributes": {
            "available_maintenance_versions": [],
            "clone": [],
            "connection_name": "arcs-391022:us-central1:arcs-sql-instance",
            "database_version": "POSTGRES_13",
            "deletion_protection": true,
            "encryption_key_name": null,
            "first_ip_address": "35.202.156.228",
            "id": "arcs-sql-instance",
            "instance_type": "CLOUD_SQL_INSTANCE",
            "ip_address": [
              {
                "ip_address": "35.202.156.228",
                "time_to_retire": "",
                "type": "PRIMARY"
              },
              {
                "ip_address": "35.232.99.237",
                "time_to_retire": "",
                "type": "OUTGOING"
              },
              {
                "ip_address": "10.223.0.3",
                "time_to_retire": "",
                "type": "PRIVATE"
              }
            ],
            "maintenance_version": "POSTGRES_13_10.R20230530.01_11",
            "master_instance_name": "",
            "name": "arcs-sql-instance",
            "private_ip_address": "10.223.0.3",
            "project": "arcs-391022",
            "public_ip_address": "35.202.156.228",
            "region": "us-central1",
            "replica_configuration": [],
            "restore_backup_context": [],
            "root_password": null,
            "self_link": "https://sqladmin.googleapis.com/sql/v1beta4/projects/arcs-391022/instances/arcs-sql-instance",
            "server_ca_cert": [
              {
                "cert": "-----BEGIN CERTIFICATE-----\nMIIDfzCCAmegAwIBAgIBADANBgkqhkiG9w0BAQsFADB3MS0wKwYDVQQuEyQ3ZjA0\nNWYxNS04MmM4LTRlZGMtOGJhMi1hNjE0NjM5ZjNiMzExIzAhBgNVBAMTGkdvb2ds\nZSBDbG91ZCBTUUwgU2VydmVyIENBMRQwEgYDVQQKEwtHb29nbGUsIEluYzELMAkG\nA1UEBhMCVVMwHhcNMjMwODI1MTg0NTIzWhcNMzMwODIyMTg0NjIzWjB3MS0wKwYD\nVQQuEyQ3ZjA0NWYxNS04MmM4LTRlZGMtOGJhMi1hNjE0NjM5ZjNiMzExIzAhBgNV\nBAMTGkdvb2dsZSBDbG91ZCBTUUwgU2VydmVyIENBMRQwEgYDVQQKEwtHb29nbGUs\nIEluYzELMAkGA1UEBhMCVVMwggEiMA0GCSqGSIb3DQEBAQUAA4IBDwAwggEKAoIB\nAQCMwDa4NIySjJJXBAFLqBO8LScCalv+B0hSimimYQpDEDJSG+/O2MgUKmiDYj7L\ndkhW917XYWweA+QZgSualM71SrwSTimAv00di9ao9cHX9kKQ+P215dXbSj5W4Lxi\n9lyLAHLERBaMmc1SCwfDeJiMILzJRVg3CbP0F4XLGHED8F29YEab/SFKWEPDY8x0\nwXA6hj7AVjEHBzJxofS+OPfKZRTGcaDUBqOET/so1MEiSAo6mOrbl7PiKpIq5En3\nk2cEvAM1LAFW62iERXvtYCI3Z7UQIGebt8y8bhyXe++erjrBhMxGDdDynuy5g9mr\nLRB3IppeDZUvEdHgsF9UNewfAgMBAAGjFjAUMBIGA1UdEwEB/wQIMAYBAf8CAQAw\nDQYJKoZIhvcNAQELBQADggEBAEvViluqCof1BsbHGB8hCFG7pydxhgL/dT2QgB9v\nOX8i0aubbZHlJeVW09UyHPggY3Q+jao0H4jD9Vm2UCloivJ3lVc+JWD8NKP1qSqD\nUWZ9fva2H5WvrUBGHQkrztqAVOrTAKX0o2nmn0LH+deg4x72lwABAoVBoHY4gemk\nW0JsiVrKmTPFBySAXV1mK36ks16okQmN1NZQLggL2VvmbxoOlhJZckQp8qurcPFG\n/8F0He1uMILVSNUHqBbtvzV6JCFbclIq0eukXZCCFa7rt8A9HrocbyNMFkyVvpKj\ncOMHrLxAWNM38BWD8v2wGoblq+5+4IhLHmUxvF19bY+YHWM=\n-----END CERTIFICATE-----",
                "common_name": "C=US,O=Google\\, Inc,CN=Google Cloud SQL Server CA,dnQualifier=7f045f15-82c8-4edc-8ba2-a614639f3b31",
                "create_time": "2023-08-25T18:45:23.565Z",
                "expiration_time": "2033-08-22T18:46:23.565Z",
                "sha1_fingerprint": "82e9c97c3f85bb3a950d35bc876f4b7ce7bf1404"
              }
            ],
            "service_account_email_address": "p994970677374-ie4owg@gcp-sa-cloud-sql.iam.gserviceaccount.com",
            "settings": [
              {
                "activation_policy": "ALWAYS",
                "active_directory_config": [],
                "advanced_machine_features": [],
                "availability_type": "ZONAL",
                "backup_configuration": [
                  {
                    "backup_retention_settings": [
                      {
                        "retained_backups": 7,
                        "retention_unit": "COUNT"
                      }
                    ],
                    "binary_log_enabled": false,
                    "enabled": true,
                    "location": "",
                    "point_in_time_recovery_enabled": false,
                    "start_time": "00:00",
                    "transaction_log_retention_days": 7
                  }
                ],
                "collation": "",
                "connector_enforcement": "NOT_REQUIRED",
                "data_cache_config": [],
                "database_flags": [],
                "deletion_protection_enabled": false,
                "deny_maintenance_period": [],
                "disk_autoresize": true,
                "disk_autoresize_limit": 0,
                "disk_size": 10,
                "disk_type": "PD_SSD",
                "edition": "",
                "insights_config": [],
                "ip_configuration": [
                  {
                    "allocated_ip_range": "",
                    "authorized_networks": [],
                    "enable_private_path_for_google_cloud_services": false,
                    "ipv4_enabled": true,
                    "private_network": "projects/arcs-391022/global/networks/arcs-vpc",
                    "require_ssl": false
                  }
                ],
                "location_preference": [
                  {
                    "follow_gae_application": "",
                    "secondary_zone": "",
                    "zone": "us-central1-a"
                  }
                ],
                "maintenance_window": [],
                "password_validation_policy": [],
                "pricing_plan": "PER_USE",
                "sql_server_audit_config": [],
                "tier": "db-g1-small",
                "time_zone": "",
                "user_labels": {},
                "version": 7
              }
            ],
            "timeouts": null
          },
          "sensitive_attributes": [],
          "private": "eyJlMmJmYjczMC1lY2FhLTExZTYtOGY4OC0zNDM2M2JjN2M0YzAiOnsiY3JlYXRlIjoyNDAwMDAwMDAwMDAwLCJkZWxldGUiOjE4MDAwMDAwMDAwMDAsInVwZGF0ZSI6MTgwMDAwMDAwMDAwMH19",
          "dependencies": [
            "google_compute_network.custom_vpc",
            "google_service_networking_connection.private_vpc_connection"
          ]
        }
      ]
    },
    {
      "mode": "managed",
      "type": "google_sql_user",
      "name": "default",
      "provider": "provider[\"registry.terraform.io/hashicorp/google\"]",
      "instances": [
        {
          "schema_version": 1,
          "attributes": {
            "deletion_policy": null,
            "host": "",
            "id": "arcs_user//arcs-sql-instance",
            "instance": "arcs-sql-instance",
            "name": "arcs_user",
            "password": "OL1nbass47WWOnv",
            "password_policy": [],
            "project": "arcs-391022",
            "sql_server_user_details": [],
            "timeouts": null,
            "type": ""
          },
          "sensitive_attributes": [
            [
              {
                "type": "get_attr",
                "value": "password"
              }
            ]
          ],
          "private": "eyJlMmJmYjczMC1lY2FhLTExZTYtOGY4OC0zNDM2M2JjN2M0YzAiOnsiY3JlYXRlIjo2MDAwMDAwMDAwMDAsImRlbGV0ZSI6NjAwMDAwMDAwMDAwLCJ1cGRhdGUiOjYwMDAwMDAwMDAwMH0sInNjaGVtYV92ZXJzaW9uIjoiMSJ9",
          "dependencies": [
            "data.google_secret_manager_secret_version.db_password",
            "google_compute_global_address.private_range",
            "google_compute_network.custom_vpc",
            "google_service_networking_connection.private_vpc_connection",
            "google_sql_database_instance.default"
          ]
        }
      ]
    }
  ],
  "check_results": null
}
