{
  "version": 4,
  "terraform_version": "1.5.6",
  "serial": 108,
  "lineage": "153744fe-1d6a-a5ba-d7f6-28c5efa055f4",
  "outputs": {},
  "resources": [
    {
      "mode": "data",
      "type": "google_client_config",
      "name": "default",
      "provider": "provider[\"registry.terraform.io/hashicorp/google\"]",
      "instances": [
        {
          "schema_version": 0,
          "attributes": {
            "access_token": "ya29.a0AfB_byDZEZFGkltwuTtfijjbpp0sDFw5Hryx_7EoF7A_mMBT9Af4AEZk8qEmHGMbcygm5y0Gc_jx7dkpXQvgHSXpy4nUoCk_cdkAeTYFSX-UYhYAGCzx8uvgww5CLUT62UseHwCgGQ-3-84jH5Uo2fskRSxsyan8zuREy1PZ2QaCgYKAVwSARESFQHsvYlsPcBr35QCC_wpn7nTp2pc3Q0177",
            "id": "projects/\"arcs-391022\"/regions/\"us-central1\"/zones/\u003cnull\u003e",
            "project": "arcs-391022",
            "region": "us-central1",
            "zone": null
          },
          "sensitive_attributes": []
        }
      ]
    },
    {
      "mode": "data",
      "type": "google_secret_manager_secret_version",
      "name": "db_password",
      "provider": "provider[\"registry.terraform.io/hashicorp/google\"]",
      "instances": [
        {
          "schema_version": 0,
          "attributes": {
            "create_time": "2023-08-25T03:12:23.861145Z",
            "destroy_time": null,
            "enabled": true,
            "id": "projects/994970677374/secrets/arcs-db-password/versions/1",
            "name": "projects/994970677374/secrets/arcs-db-password/versions/1",
            "project": "arcs-391022",
            "secret": "arcs-db-password",
            "secret_data": "OL1nbass47WWOnv",
            "version": "1"
          },
          "sensitive_attributes": []
        }
      ]
    },
    {
      "mode": "data",
      "type": "google_secret_manager_secret_version",
      "name": "vpn_shared_secret",
      "provider": "provider[\"registry.terraform.io/hashicorp/google\"]",
      "instances": [
        {
          "schema_version": 0,
          "attributes": {
            "create_time": "2023-08-29T22:03:13.029312Z",
            "destroy_time": null,
            "enabled": true,
            "id": "projects/994970677374/secrets/IKE-Pre-shared-key/versions/1",
            "name": "projects/994970677374/secrets/IKE-Pre-shared-key/versions/1",
            "project": "arcs-391022",
            "secret": "IKE-Pre-shared-key",
            "secret_data": "TQQQrAupke34CgqnVQCEJQ5MLy4m2OnB",
            "version": "1"
          },
          "sensitive_attributes": []
        }
      ]
    },
    {
      "mode": "managed",
      "type": "google_cloud_run_service",
      "name": "frontend",
      "provider": "provider[\"registry.terraform.io/hashicorp/google\"]",
      "instances": [
        {
          "schema_version": 1,
          "attributes": {
            "autogenerate_revision_name": false,
            "id": "locations/us-central1/namespaces/arcs-391022/services/arcs-fe",
            "location": "us-central1",
            "metadata": [
              {
                "annotations": {
                  "run.googleapis.com/ingress": "all",
                  "run.googleapis.com/ingress-status": "all",
                  "run.googleapis.com/operation-id": "d7604fa7-7de4-4728-aed7-1d0e9a34fba8",
                  "serving.knative.dev/creator": "park.junah95@gmail.com",
                  "serving.knative.dev/lastModifier": "park.junah95@gmail.com"
                },
                "generation": 1,
                "labels": {
                  "cloud.googleapis.com/location": "us-central1"
                },
                "namespace": "arcs-391022",
                "resource_version": "AAYELNAPp24",
                "self_link": "/apis/serving.knative.dev/v1/namespaces/994970677374/services/arcs-fe",
                "uid": "a05723a3-03bd-4b97-a1e3-62d185e91b4b"
              }
            ],
            "name": "arcs-fe",
            "project": "arcs-391022",
            "status": [
              {
                "conditions": [
                  {
                    "message": "",
                    "reason": "",
                    "status": "True",
                    "type": "Ready"
                  },
                  {
                    "message": "",
                    "reason": "",
                    "status": "True",
                    "type": "ConfigurationsReady"
                  },
                  {
                    "message": "",
                    "reason": "",
                    "status": "True",
                    "type": "RoutesReady"
                  }
                ],
                "latest_created_revision_name": "arcs-fe-00001-pfn",
                "latest_ready_revision_name": "arcs-fe-00001-pfn",
                "observed_generation": 1,
                "traffic": [
                  {
                    "latest_revision": true,
                    "percent": 100,
                    "revision_name": "arcs-fe-00001-pfn",
                    "tag": "",
                    "url": ""
                  }
                ],
                "url": "https://arcs-fe-ctl3t7ldeq-uc.a.run.app"
              }
            ],
            "template": [
              {
                "metadata": [
                  {
                    "annotations": {
                      "autoscaling.knative.dev/maxScale": "100"
                    },
                    "generation": 0,
                    "labels": {
                      "run.googleapis.com/startupProbeType": "Default"
                    },
                    "name": "",
                    "namespace": "",
                    "resource_version": "",
                    "self_link": "",
                    "uid": ""
                  }
                ],
                "spec": [
                  {
                    "container_concurrency": 80,
                    "containers": [
                      {
                        "args": [],
                        "command": [],
                        "env": [],
                        "env_from": [],
                        "image": "gcr.io/arcs-391022/arcs-fe:latest",
                        "liveness_probe": [],
                        "name": "",
                        "ports": [
                          {
                            "container_port": 8080,
                            "name": "http1",
                            "protocol": ""
                          }
                        ],
                        "resources": [
                          {
                            "limits": {
                              "cpu": "1000m",
                              "memory": "512Mi"
                            },
                            "requests": {}
                          }
                        ],
                        "startup_probe": [
                          {
                            "failure_threshold": 1,
                            "grpc": [],
                            "http_get": [],
                            "initial_delay_seconds": 0,
                            "period_seconds": 240,
                            "tcp_socket": [
                              {
                                "port": 8080
                              }
                            ],
                            "timeout_seconds": 240
                          }
                        ],
                        "volume_mounts": [],
                        "working_dir": ""
                      }
                    ],
                    "service_account_name": "frontend-service-account@arcs-391022.iam.gserviceaccount.com",
                    "serving_state": "",
                    "timeout_seconds": 300,
                    "volumes": []
                  }
                ]
              }
            ],
            "timeouts": null,
            "traffic": [
              {
                "latest_revision": true,
                "percent": 100,
                "revision_name": "",
                "tag": "",
                "url": ""
              }
            ]
          },
          "sensitive_attributes": [],
          "private": "eyJlMmJmYjczMC1lY2FhLTExZTYtOGY4OC0zNDM2M2JjN2M0YzAiOnsiY3JlYXRlIjoxMjAwMDAwMDAwMDAwLCJkZWxldGUiOjEyMDAwMDAwMDAwMDAsInVwZGF0ZSI6MTIwMDAwMDAwMDAwMH0sInNjaGVtYV92ZXJzaW9uIjoiMSJ9",
          "dependencies": [
            "google_service_account.frontend"
          ]
        }
      ]
    },
    {
      "mode": "managed",
      "type": "google_cloudbuild_trigger",
      "name": "go_api",
      "provider": "provider[\"registry.terraform.io/hashicorp/google\"]",
      "instances": [
        {
          "schema_version": 2,
          "attributes": {
            "approval_config": [
              {
                "approval_required": false
              }
            ],
            "bitbucket_server_trigger_config": [],
            "build": [],
            "create_time": "2023-08-31T00:23:18.586641116Z",
            "description": "Trigger for the Go-based web API",
            "disabled": false,
            "filename": "cloudbuild.yaml",
            "filter": "",
            "git_file_source": [],
            "github": [
              {
                "enterprise_config_resource_name": "",
                "name": "arcs-go",
                "owner": "automatedrcs",
                "pull_request": [],
                "push": [
                  {
                    "branch": "^main$",
                    "invert_regex": false,
                    "tag": ""
                  }
                ]
              }
            ],
            "id": "projects/arcs-391022/triggers/45b42802-30a0-4d77-aa70-2eb30bae81bf",
            "ignored_files": [],
            "include_build_logs": "",
            "included_files": [],
            "location": "global",
            "name": "Trigger-for-the-Go-based-web-API",
            "project": "arcs-391022",
            "pubsub_config": [],
            "repository_event_config": [],
            "service_account": "",
            "source_to_build": [],
            "substitutions": {
              "_GKE_CLUSTER_NAME": "arcs-go-cluster",
              "_GKE_ZONE": "us-central1"
            },
            "tags": [],
            "timeouts": null,
            "trigger_id": "45b42802-30a0-4d77-aa70-2eb30bae81bf",
            "trigger_template": [],
            "webhook_config": []
          },
          "sensitive_attributes": [],
          "private": "eyJlMmJmYjczMC1lY2FhLTExZTYtOGY4OC0zNDM2M2JjN2M0YzAiOnsiY3JlYXRlIjoxMjAwMDAwMDAwMDAwLCJkZWxldGUiOjEyMDAwMDAwMDAwMDAsInVwZGF0ZSI6MTIwMDAwMDAwMDAwMH0sInNjaGVtYV92ZXJzaW9uIjoiMiJ9"
        }
      ]
    },
    {
      "mode": "managed",
      "type": "google_compute_address",
      "name": "vpn",
      "provider": "provider[\"registry.terraform.io/hashicorp/google\"]",
      "instances": [
        {
          "schema_version": 0,
          "attributes": {
            "address": "34.134.104.150",
            "address_type": "EXTERNAL",
            "creation_timestamp": "2023-08-29T23:01:03.343-07:00",
            "description": "",
            "id": "projects/arcs-391022/regions/us-central1/addresses/vpn-address",
            "ip_version": "",
            "ipv6_endpoint_type": "",
            "name": "vpn-address",
            "network": "",
            "network_tier": "PREMIUM",
            "prefix_length": 0,
            "project": "arcs-391022",
            "purpose": "",
            "region": "us-central1",
            "self_link": "https://www.googleapis.com/compute/v1/projects/arcs-391022/regions/us-central1/addresses/vpn-address",
            "subnetwork": "",
            "timeouts": null,
            "users": [
              "https://www.googleapis.com/compute/v1/projects/arcs-391022/regions/us-central1/forwardingRules/vpn-forwarding-rule",
              "https://www.googleapis.com/compute/v1/projects/arcs-391022/regions/us-central1/forwardingRules/vpn-gateway-rule",
              "https://www.googleapis.com/compute/v1/projects/arcs-391022/regions/us-central1/forwardingRules/vpn-forwarding-rule-udp4500"
            ]
          },
          "sensitive_attributes": [],
          "private": "eyJlMmJmYjczMC1lY2FhLTExZTYtOGY4OC0zNDM2M2JjN2M0YzAiOnsiY3JlYXRlIjoxMjAwMDAwMDAwMDAwLCJkZWxldGUiOjEyMDAwMDAwMDAwMDB9fQ=="
        }
      ]
    },
    {
      "mode": "managed",
      "type": "google_compute_forwarding_rule",
      "name": "fr",
      "provider": "provider[\"registry.terraform.io/hashicorp/google\"]",
      "instances": [
        {
          "schema_version": 0,
          "attributes": {
            "all_ports": false,
            "allow_global_access": false,
            "allow_psc_global_access": false,
            "backend_service": "",
            "base_forwarding_rule": "",
            "creation_timestamp": "2023-08-29T23:01:15.958-07:00",
            "description": "",
            "id": "projects/arcs-391022/regions/us-central1/forwardingRules/vpn-forwarding-rule",
            "ip_address": "34.134.104.150",
            "ip_protocol": "ESP",
            "ip_version": "",
            "is_mirroring_collector": false,
            "label_fingerprint": "42WmSpB8rSM=",
            "labels": {},
            "load_balancing_scheme": "EXTERNAL",
            "name": "vpn-forwarding-rule",
            "network": "",
            "network_tier": "PREMIUM",
            "no_automate_dns_zone": null,
            "port_range": "",
            "ports": [],
            "project": "arcs-391022",
            "psc_connection_id": "",
            "psc_connection_status": "",
            "region": "us-central1",
            "self_link": "https://www.googleapis.com/compute/v1/projects/arcs-391022/regions/us-central1/forwardingRules/vpn-forwarding-rule",
            "service_directory_registrations": [],
            "service_label": "",
            "service_name": "",
            "source_ip_ranges": [],
            "subnetwork": "",
            "target": "https://www.googleapis.com/compute/v1/projects/arcs-391022/regions/us-central1/targetVpnGateways/vpn-gateway",
            "timeouts": null
          },
          "sensitive_attributes": [],
          "private": "eyJlMmJmYjczMC1lY2FhLTExZTYtOGY4OC0zNDM2M2JjN2M0YzAiOnsiY3JlYXRlIjoxMjAwMDAwMDAwMDAwLCJkZWxldGUiOjEyMDAwMDAwMDAwMDAsInVwZGF0ZSI6MTIwMDAwMDAwMDAwMH19",
          "dependencies": [
            "google_compute_address.vpn",
            "google_compute_network.custom_vpc",
            "google_compute_vpn_gateway.gateway"
          ]
        }
      ]
    },
    {
      "mode": "managed",
      "type": "google_compute_forwarding_rule",
      "name": "udp_4500_rule",
      "provider": "provider[\"registry.terraform.io/hashicorp/google\"]",
      "instances": [
        {
          "schema_version": 0,
          "attributes": {
            "all_ports": false,
            "allow_global_access": false,
            "allow_psc_global_access": false,
            "backend_service": "",
            "base_forwarding_rule": "",
            "creation_timestamp": "2023-08-30T22:14:16.467-07:00",
            "description": "Forwarding rule for VPN on UDP 4500",
            "id": "projects/arcs-391022/regions/us-central1/forwardingRules/vpn-forwarding-rule-udp4500",
            "ip_address": "34.134.104.150",
            "ip_protocol": "UDP",
            "ip_version": "",
            "is_mirroring_collector": false,
            "label_fingerprint": "42WmSpB8rSM=",
            "labels": {},
            "load_balancing_scheme": "EXTERNAL",
            "name": "vpn-forwarding-rule-udp4500",
            "network": "",
            "network_tier": "PREMIUM",
            "no_automate_dns_zone": null,
            "port_range": "4500-4500",
            "ports": [],
            "project": "arcs-391022",
            "psc_connection_id": "",
            "psc_connection_status": "",
            "region": "us-central1",
            "self_link": "https://www.googleapis.com/compute/v1/projects/arcs-391022/regions/us-central1/forwardingRules/vpn-forwarding-rule-udp4500",
            "service_directory_registrations": [],
            "service_label": "",
            "service_name": "",
            "source_ip_ranges": [],
            "subnetwork": "",
            "target": "https://www.googleapis.com/compute/v1/projects/arcs-391022/regions/us-central1/targetVpnGateways/vpn-gateway",
            "timeouts": null
          },
          "sensitive_attributes": [],
          "private": "eyJlMmJmYjczMC1lY2FhLTExZTYtOGY4OC0zNDM2M2JjN2M0YzAiOnsiY3JlYXRlIjoxMjAwMDAwMDAwMDAwLCJkZWxldGUiOjEyMDAwMDAwMDAwMDAsInVwZGF0ZSI6MTIwMDAwMDAwMDAwMH19",
          "dependencies": [
            "google_compute_address.vpn",
            "google_compute_network.custom_vpc",
            "google_compute_vpn_gateway.gateway"
          ]
        }
      ]
    },
    {
      "mode": "managed",
      "type": "google_compute_forwarding_rule",
      "name": "vpn_gateway_rule",
      "provider": "provider[\"registry.terraform.io/hashicorp/google\"]",
      "instances": [
        {
          "schema_version": 0,
          "attributes": {
            "all_ports": false,
            "allow_global_access": false,
            "allow_psc_global_access": false,
            "backend_service": "",
            "base_forwarding_rule": "",
            "creation_timestamp": "2023-08-30T17:23:19.134-07:00",
            "description": "Forwarding rule for VPN Gateway on UDP:500",
            "id": "projects/arcs-391022/regions/us-central1/forwardingRules/vpn-gateway-rule",
            "ip_address": "34.134.104.150",
            "ip_protocol": "UDP",
            "ip_version": "",
            "is_mirroring_collector": false,
            "label_fingerprint": "42WmSpB8rSM=",
            "labels": {},
            "load_balancing_scheme": "EXTERNAL",
            "name": "vpn-gateway-rule",
            "network": "",
            "network_tier": "PREMIUM",
            "no_automate_dns_zone": null,
            "port_range": "500-500",
            "ports": [],
            "project": "arcs-391022",
            "psc_connection_id": "",
            "psc_connection_status": "",
            "region": "us-central1",
            "self_link": "https://www.googleapis.com/compute/v1/projects/arcs-391022/regions/us-central1/forwardingRules/vpn-gateway-rule",
            "service_directory_registrations": [],
            "service_label": "",
            "service_name": "",
            "source_ip_ranges": [],
            "subnetwork": "",
            "target": "https://www.googleapis.com/compute/v1/projects/arcs-391022/regions/us-central1/targetVpnGateways/vpn-gateway",
            "timeouts": null
          },
          "sensitive_attributes": [],
          "private": "eyJlMmJmYjczMC1lY2FhLTExZTYtOGY4OC0zNDM2M2JjN2M0YzAiOnsiY3JlYXRlIjoxMjAwMDAwMDAwMDAwLCJkZWxldGUiOjEyMDAwMDAwMDAwMDAsInVwZGF0ZSI6MTIwMDAwMDAwMDAwMH19",
          "dependencies": [
            "google_compute_address.vpn",
            "google_compute_network.custom_vpc",
            "google_compute_vpn_gateway.gateway"
          ]
        }
      ]
    },
    {
      "mode": "managed",
      "type": "google_compute_global_address",
      "name": "private_range",
      "provider": "provider[\"registry.terraform.io/hashicorp/google\"]",
      "instances": [
        {
          "schema_version": 0,
          "attributes": {
            "address": "10.223.0.0",
            "address_type": "INTERNAL",
            "creation_timestamp": "2023-08-25T00:19:51.598-07:00",
            "description": "",
            "id": "projects/arcs-391022/global/addresses/private-range",
            "ip_version": "",
            "name": "private-range",
            "network": "https://www.googleapis.com/compute/v1/projects/arcs-391022/global/networks/arcs-vpc",
            "prefix_length": 16,
            "project": "arcs-391022",
            "purpose": "VPC_PEERING",
            "self_link": "https://www.googleapis.com/compute/v1/projects/arcs-391022/global/addresses/private-range",
            "timeouts": null
          },
          "sensitive_attributes": [],
          "private": "eyJlMmJmYjczMC1lY2FhLTExZTYtOGY4OC0zNDM2M2JjN2M0YzAiOnsiY3JlYXRlIjoxMjAwMDAwMDAwMDAwLCJkZWxldGUiOjEyMDAwMDAwMDAwMDB9fQ==",
          "dependencies": [
            "google_compute_network.custom_vpc"
          ]
        }
      ]
    },
    {
      "mode": "managed",
      "type": "google_compute_network",
      "name": "custom_vpc",
      "provider": "provider[\"registry.terraform.io/hashicorp/google\"]",
      "instances": [
        {
          "schema_version": 0,
          "attributes": {
            "auto_create_subnetworks": false,
            "delete_default_routes_on_create": false,
            "description": "Custom VPC for our infrastructure",
            "enable_ula_internal_ipv6": false,
            "gateway_ipv4": "",
            "id": "projects/arcs-391022/global/networks/arcs-vpc",
            "internal_ipv6_range": "",
            "mtu": 0,
            "name": "arcs-vpc",
            "network_firewall_policy_enforcement_order": "AFTER_CLASSIC_FIREWALL",
            "project": "arcs-391022",
            "routing_mode": "REGIONAL",
            "self_link": "https://www.googleapis.com/compute/v1/projects/arcs-391022/global/networks/arcs-vpc",
            "timeouts": null
          },
          "sensitive_attributes": [],
          "private": "eyJlMmJmYjczMC1lY2FhLTExZTYtOGY4OC0zNDM2M2JjN2M0YzAiOnsiY3JlYXRlIjoxMjAwMDAwMDAwMDAwLCJkZWxldGUiOjEyMDAwMDAwMDAwMDAsInVwZGF0ZSI6MTIwMDAwMDAwMDAwMH19"
        }
      ]
    },
    {
      "mode": "managed",
      "type": "google_compute_subnetwork",
      "name": "custom_subnet",
      "provider": "provider[\"registry.terraform.io/hashicorp/google\"]",
      "instances": [
        {
          "schema_version": 0,
          "attributes": {
            "creation_timestamp": "2023-08-25T11:43:18.827-07:00",
            "description": "",
            "external_ipv6_prefix": "",
            "fingerprint": null,
            "gateway_address": "10.0.0.1",
            "id": "projects/arcs-391022/regions/us-central1/subnetworks/arcs-subnet",
            "ip_cidr_range": "10.0.0.0/16",
            "ipv6_access_type": "",
            "ipv6_cidr_range": "",
            "log_config": [],
            "name": "arcs-subnet",
            "network": "https://www.googleapis.com/compute/v1/projects/arcs-391022/global/networks/arcs-vpc",
            "private_ip_google_access": true,
            "private_ipv6_google_access": "DISABLE_GOOGLE_ACCESS",
            "project": "arcs-391022",
            "purpose": "PRIVATE",
            "region": "us-central1",
            "role": "",
            "secondary_ip_range": [
              {
                "ip_cidr_range": "10.16.0.0/20",
                "range_name": "gke-arcs-go-cluster-services-76515899"
              },
              {
                "ip_cidr_range": "10.12.0.0/14",
                "range_name": "gke-arcs-go-cluster-pods-76515899"
              }
            ],
            "self_link": "https://www.googleapis.com/compute/v1/projects/arcs-391022/regions/us-central1/subnetworks/arcs-subnet",
            "stack_type": "IPV4_ONLY",
            "timeouts": null
          },
          "sensitive_attributes": [],
          "private": "eyJlMmJmYjczMC1lY2FhLTExZTYtOGY4OC0zNDM2M2JjN2M0YzAiOnsiY3JlYXRlIjoxMjAwMDAwMDAwMDAwLCJkZWxldGUiOjEyMDAwMDAwMDAwMDAsInVwZGF0ZSI6MTIwMDAwMDAwMDAwMH19",
          "dependencies": [
            "google_compute_network.custom_vpc"
          ]
        }
      ]
    },
    {
      "mode": "managed",
      "type": "google_compute_vpn_gateway",
      "name": "gateway",
      "provider": "provider[\"registry.terraform.io/hashicorp/google\"]",
      "instances": [
        {
          "schema_version": 0,
          "attributes": {
            "creation_timestamp": "2023-08-29T23:01:04.635-07:00",
            "description": "",
            "gateway_id": 5621094617052308943,
            "id": "projects/arcs-391022/regions/us-central1/targetVpnGateways/vpn-gateway",
            "name": "vpn-gateway",
            "network": "https://www.googleapis.com/compute/v1/projects/arcs-391022/global/networks/arcs-vpc",
            "project": "arcs-391022",
            "region": "us-central1",
            "self_link": "https://www.googleapis.com/compute/v1/projects/arcs-391022/regions/us-central1/targetVpnGateways/vpn-gateway",
            "timeouts": null
          },
          "sensitive_attributes": [],
          "private": "eyJlMmJmYjczMC1lY2FhLTExZTYtOGY4OC0zNDM2M2JjN2M0YzAiOnsiY3JlYXRlIjoxMjAwMDAwMDAwMDAwLCJkZWxldGUiOjEyMDAwMDAwMDAwMDB9fQ==",
          "dependencies": [
            "google_compute_network.custom_vpc"
          ]
        }
      ]
    },
    {
      "mode": "managed",
      "type": "google_compute_vpn_tunnel",
      "name": "tunnel",
      "provider": "provider[\"registry.terraform.io/hashicorp/google\"]",
      "instances": [
        {
          "schema_version": 0,
          "attributes": {
            "creation_timestamp": "2023-08-30T22:22:36.440-07:00",
            "description": "",
            "detailed_status": "No incoming packets from peer",
            "id": "projects/arcs-391022/regions/us-central1/vpnTunnels/vpn-tunnel",
            "ike_version": 2,
            "local_traffic_selector": [
              "10.0.0.0/16"
            ],
            "name": "vpn-tunnel",
            "peer_external_gateway": "",
            "peer_external_gateway_interface": 0,
            "peer_gcp_gateway": "",
            "peer_ip": "73.15.169.24",
            "project": "arcs-391022",
            "region": "us-central1",
            "remote_traffic_selector": [
              "192.168.0.0/24"
            ],
            "router": "",
            "self_link": "https://www.googleapis.com/compute/v1/projects/arcs-391022/regions/us-central1/vpnTunnels/vpn-tunnel",
            "shared_secret": "TQQQrAupke34CgqnVQCEJQ5MLy4m2OnB",
            "shared_secret_hash": "WIyB9NZ8L7YJYEEmk1KxlPU0Fgos",
            "target_vpn_gateway": "https://www.googleapis.com/compute/v1/projects/arcs-391022/regions/us-central1/targetVpnGateways/vpn-gateway",
            "timeouts": null,
            "tunnel_id": "2318991659580104051",
            "vpn_gateway": "",
            "vpn_gateway_interface": 0
          },
          "sensitive_attributes": [
            [
              {
                "type": "get_attr",
                "value": "shared_secret"
              }
            ]
          ],
          "private": "eyJlMmJmYjczMC1lY2FhLTExZTYtOGY4OC0zNDM2M2JjN2M0YzAiOnsiY3JlYXRlIjoxMjAwMDAwMDAwMDAwLCJkZWxldGUiOjEyMDAwMDAwMDAwMDB9fQ==",
          "dependencies": [
            "data.google_secret_manager_secret_version.vpn_shared_secret",
            "google_compute_network.custom_vpc",
            "google_compute_vpn_gateway.gateway"
          ]
        }
      ]
    },
    {
      "mode": "managed",
      "type": "google_container_cluster",
      "name": "primary",
      "provider": "provider[\"registry.terraform.io/hashicorp/google\"]",
      "instances": [
        {
          "schema_version": 1,
          "attributes": {
            "addons_config": [
              {
                "cloudrun_config": [],
                "config_connector_config": [],
                "dns_cache_config": [],
                "gce_persistent_disk_csi_driver_config": [
                  {
                    "enabled": true
                  }
                ],
                "gcp_filestore_csi_driver_config": [],
                "gcs_fuse_csi_driver_config": [],
                "gke_backup_agent_config": [],
                "horizontal_pod_autoscaling": [],
                "http_load_balancing": [],
                "network_policy_config": [
                  {
                    "disabled": true
                  }
                ]
              }
            ],
            "allow_net_admin": null,
            "authenticator_groups_config": [],
            "binary_authorization": [
              {
                "enabled": false,
                "evaluation_mode": ""
              }
            ],
            "cluster_autoscaling": [
              {
                "auto_provisioning_defaults": [],
                "enabled": false,
                "resource_limits": []
              }
            ],
            "cluster_ipv4_cidr": "10.12.0.0/14",
            "confidential_nodes": [],
            "cost_management_config": [],
            "database_encryption": [
              {
                "key_name": "",
                "state": "DECRYPTED"
              }
            ],
            "datapath_provider": "",
            "default_max_pods_per_node": 110,
            "default_snat_status": [
              {
                "disabled": false
              }
            ],
            "description": "",
            "dns_config": [],
            "enable_autopilot": false,
            "enable_binary_authorization": false,
            "enable_intranode_visibility": false,
            "enable_k8s_beta_apis": [],
            "enable_kubernetes_alpha": false,
            "enable_l4_ilb_subsetting": false,
            "enable_legacy_abac": false,
            "enable_shielded_nodes": true,
            "enable_tpu": false,
            "endpoint": "35.184.111.229",
            "gateway_api_config": [],
            "id": "projects/arcs-391022/locations/us-central1/clusters/arcs-go-cluster",
            "initial_node_count": 1,
            "ip_allocation_policy": [
              {
                "additional_pod_ranges_config": [],
                "cluster_ipv4_cidr_block": "10.12.0.0/14",
                "cluster_secondary_range_name": "gke-arcs-go-cluster-pods-76515899",
                "pod_cidr_overprovision_config": [
                  {
                    "disabled": false
                  }
                ],
                "services_ipv4_cidr_block": "10.16.0.0/20",
                "services_secondary_range_name": "gke-arcs-go-cluster-services-76515899",
                "stack_type": "IPV4"
              }
            ],
            "label_fingerprint": "a9dc16a7",
            "location": "us-central1",
            "logging_config": [
              {
                "enable_components": [
                  "SYSTEM_COMPONENTS",
                  "WORKLOADS"
                ]
              }
            ],
            "logging_service": "logging.googleapis.com/kubernetes",
            "maintenance_policy": [],
            "master_auth": [
              {
                "client_certificate": "",
                "client_certificate_config": [
                  {
                    "issue_client_certificate": false
                  }
                ],
                "client_key": "",
                "cluster_ca_certificate": "LS0tLS1CRUdJTiBDRVJUSUZJQ0FURS0tLS0tCk1JSUVMRENDQXBTZ0F3SUJBZ0lRUmVpVFE0SWpRbXR5a25MYmEzRjg0ekFOQmdrcWhraUc5dzBCQVFzRkFEQXYKTVMwd0t3WURWUVFERXlRMlptUTNOVGN4WkMwMFpXTXlMVFE0TWpRdE9XRTJZUzFqTURnMk0yWXlOalJsWVRFdwpJQmNOTWpNd09ETXdNRFV3TVRBM1doZ1BNakExTXpBNE1qSXdOakF4TURkYU1DOHhMVEFyQmdOVkJBTVRKRFptClpEYzFOekZrTFRSbFl6SXRORGd5TkMwNVlUWmhMV013T0RZelpqSTJOR1ZoTVRDQ0FhSXdEUVlKS29aSWh2Y04KQVFFQkJRQURnZ0dQQURDQ0FZb0NnZ0dCQU9iSGx3ajJ6L25jcFViSGxzK2s1V1JxWStjWlJ5aG4zREJVckdBVwpsZGp6T1FMRU9pQzQ2ck1zc0d1aU9mcTAxeUF2ZjFYY1pwM0poMThpSU4wcTJUZWs2TlhDb2RpWnlLQTM1RzNjCjhxVFhFa3pMckN5YStEbkwvaVczVUhmdEl3eWV3Qi9rdGZLMUlidzlIWW55SVFxLys3SU1zdDdLRTdtSjlWUjkKZFF4VUIxN0ZHdTJzR1p4MUJrbEZiSkV1VGxjK01zd3FqTWNOMFI0ODZ2VXNEUWJKdE9zYUgxcEs1OFlSRU1xUQpFVWNZa2p5aHhhUCtzSVdEYXVYdzdhU0VxWXFuV1lmMGRteG5Rd1NKaFF0cjJzZWVIRE9EUS9ZSnRKRnFPcnNsClFoWTFRbWRCYU5WNmwzMFlBZGJVWTVhVXc5cWRGVXVTend0Sk1WYXpYTFBTeWRlZ1NsMWxhZU5mRTVxem5EbkYKRElleFNwSXhiKy9nMkhkNDhZNXlKNzQ1Nk9SSW1hMkVlMG0zMnIrYkduTzJZdzJXUFdGaFFJN0hJZGtuOFROUQpJcEhySHRWZWI1NWhPNE42SUlBcjIxYTJUMWlodDMvTEZLbThKOS8zWVpDbVprdTdlWGpObnQvb1JQNWEybWpwCmRQNWNNWjdMbVlMYjNEVi95Q3Yvb280elZRSURBUUFCbzBJd1FEQU9CZ05WSFE4QkFmOEVCQU1DQWdRd0R3WUQKVlIwVEFRSC9CQVV3QXdFQi96QWRCZ05WSFE0RUZnUVVicXprTytGMVp0alhFQjh5TXVtTVVGaVVqcGN3RFFZSgpLb1pJaHZjTkFRRUxCUUFEZ2dHQkFJb21rUWNIUDFtWlRQQnNRQmUvdGp5bDFDa2NMUTh6eWdDcS9wb2oxMlhrCnRmYjd4aW5uSFpOQjJGWkJ1N2UwN09kMFJtVFpqdEhDeWhhNHhwMmt0Q3FEMkRSbVNGa1MreFNYV2gzemJpdWYKeGlTaHNJOWd3Rjg5OGlFTDdiS2VkWlRwN2pvZERwTEJYMm93T1R3N2lMZjlWbjR5K0JnSzBFemltYXJEcGJRRApRSTJPT3RpYnNyRlRXMWdnYlNoYTl1QW5TblZabDlpS0o5VUptMVN2V0JsSUdibXFFYWR6UGUwZjg0ZU9hWGwrCmkyOEdXSHNSU0JJeEFKd2RxZnh3UnZvL1k1Nkl4NjJEN1dMYXJLbmFpTlozOFl0eFFHTXQ0WnJyQnBmWlZIU3EKcXo4am1uQ0hPeXRNSGFEQ2dwRkxmY2JiQVhRczFjYmY4UDgxY0xUdmd3NllyY01vay9jU3VoOHl0Qng2ZWkzUwpTZ2Y0dS94RGltcXRoZDBFaFpZZ1ZSYndoZzlwOC8vQ1krUk9wZXllNGF6NXlzb0JHaFdvZzZEV0VzQkF1OG1wCmhFTnY1akFjaTBIYldMcVdmTjlmclg0YkhpVXljSVgwL25xbENEcnI3NmdvOHljcFAvZC9DQmpPOVNZSkJseSsKVVAzVnZoTmhXR1lZNkpJNFR1bXBzQT09Ci0tLS0tRU5EIENFUlRJRklDQVRFLS0tLS0K"
              }
            ],
            "master_authorized_networks_config": [
              {
                "cidr_blocks": [
                  {
                    "cidr_block": "73.15.169.24/32",
                    "display_name": "My network"
                  }
                ],
                "gcp_public_cidrs_access_enabled": false
              }
            ],
            "master_version": "1.27.3-gke.100",
            "mesh_certificates": [],
            "min_master_version": null,
            "monitoring_config": [
              {
                "advanced_datapath_observability_config": [
                  {
                    "enable_metrics": false,
                    "relay_mode": "DISABLED"
                  }
                ],
                "enable_components": [
                  "SYSTEM_COMPONENTS"
                ],
                "managed_prometheus": [
                  {
                    "enabled": true
                  }
                ]
              }
            ],
            "monitoring_service": "monitoring.googleapis.com/kubernetes",
            "name": "arcs-go-cluster",
            "network": "projects/arcs-391022/global/networks/arcs-vpc",
            "network_policy": [
              {
                "enabled": false,
                "provider": "PROVIDER_UNSPECIFIED"
              }
            ],
            "networking_mode": "VPC_NATIVE",
            "node_config": [
              {
                "advanced_machine_features": [],
                "boot_disk_kms_key": "",
                "disk_size_gb": 30,
                "disk_type": "pd-balanced",
                "ephemeral_storage_local_ssd_config": [],
                "gcfs_config": [],
                "guest_accelerator": [],
                "gvnic": [],
                "host_maintenance_policy": [],
                "image_type": "COS_CONTAINERD",
                "kubelet_config": [],
                "labels": {},
                "linux_node_config": [],
                "local_nvme_ssd_block_config": [],
                "local_ssd_count": 0,
                "logging_variant": "DEFAULT",
                "machine_type": "n1-standard-1",
                "metadata": {
                  "disable-legacy-endpoints": "true"
                },
                "min_cpu_platform": "",
                "node_group": "",
                "oauth_scopes": [
                  "https://www.googleapis.com/auth/logging.write",
                  "https://www.googleapis.com/auth/monitoring"
                ],
                "preemptible": false,
                "reservation_affinity": [],
                "resource_labels": {},
                "service_account": "default",
                "shielded_instance_config": [
                  {
                    "enable_integrity_monitoring": true,
                    "enable_secure_boot": false
                  }
                ],
                "sole_tenant_config": [],
                "spot": false,
                "tags": [],
                "taint": [],
                "workload_metadata_config": []
              }
            ],
            "node_locations": [
              "us-central1-a",
              "us-central1-c",
              "us-central1-f"
            ],
            "node_pool": [
              {
                "autoscaling": [],
                "initial_node_count": 1,
                "instance_group_urls": [
                  "https://www.googleapis.com/compute/v1/projects/arcs-391022/zones/us-central1-a/instanceGroupManagers/gke-arcs-go-cluster-arcs-go-cluster-n-c3b4d5de-grp",
                  "https://www.googleapis.com/compute/v1/projects/arcs-391022/zones/us-central1-b/instanceGroupManagers/gke-arcs-go-cluster-arcs-go-cluster-n-b1bcc240-grp",
                  "https://www.googleapis.com/compute/v1/projects/arcs-391022/zones/us-central1-c/instanceGroupManagers/gke-arcs-go-cluster-arcs-go-cluster-n-83892c85-grp"
                ],
                "managed_instance_group_urls": [
                  "https://www.googleapis.com/compute/v1/projects/arcs-391022/zones/us-central1-a/instanceGroups/gke-arcs-go-cluster-arcs-go-cluster-n-c3b4d5de-grp",
                  "https://www.googleapis.com/compute/v1/projects/arcs-391022/zones/us-central1-b/instanceGroups/gke-arcs-go-cluster-arcs-go-cluster-n-b1bcc240-grp",
                  "https://www.googleapis.com/compute/v1/projects/arcs-391022/zones/us-central1-c/instanceGroups/gke-arcs-go-cluster-arcs-go-cluster-n-83892c85-grp"
                ],
                "management": [
                  {
                    "auto_repair": true,
                    "auto_upgrade": true
                  }
                ],
                "max_pods_per_node": 110,
                "name": "arcs-go-cluster-node-pool",
                "name_prefix": "",
                "network_config": [
                  {
                    "create_pod_range": false,
                    "enable_private_nodes": false,
                    "pod_cidr_overprovision_config": [],
                    "pod_ipv4_cidr_block": "10.12.0.0/14",
                    "pod_range": "gke-arcs-go-cluster-pods-76515899"
                  }
                ],
                "node_config": [
                  {
                    "advanced_machine_features": [],
                    "boot_disk_kms_key": "",
                    "disk_size_gb": 30,
                    "disk_type": "pd-balanced",
                    "ephemeral_storage_local_ssd_config": [],
                    "gcfs_config": [],
                    "guest_accelerator": [],
                    "gvnic": [],
                    "host_maintenance_policy": [],
                    "image_type": "COS_CONTAINERD",
                    "kubelet_config": [],
                    "labels": {},
                    "linux_node_config": [],
                    "local_nvme_ssd_block_config": [],
                    "local_ssd_count": 0,
                    "logging_variant": "DEFAULT",
                    "machine_type": "n1-standard-1",
                    "metadata": {
                      "disable-legacy-endpoints": "true"
                    },
                    "min_cpu_platform": "",
                    "node_group": "",
                    "oauth_scopes": [
                      "https://www.googleapis.com/auth/logging.write",
                      "https://www.googleapis.com/auth/monitoring"
                    ],
                    "preemptible": false,
                    "reservation_affinity": [],
                    "resource_labels": {},
                    "service_account": "default",
                    "shielded_instance_config": [
                      {
                        "enable_integrity_monitoring": true,
                        "enable_secure_boot": false
                      }
                    ],
                    "sole_tenant_config": [],
                    "spot": false,
                    "tags": [],
                    "taint": [],
                    "workload_metadata_config": []
                  }
                ],
                "node_count": 1,
                "node_locations": [
                  "us-central1-a",
                  "us-central1-b",
                  "us-central1-c"
                ],
                "placement_policy": [],
                "upgrade_settings": [
                  {
                    "blue_green_settings": [],
                    "max_surge": 1,
                    "max_unavailable": 0,
                    "strategy": "SURGE"
                  }
                ],
                "version": "1.27.3-gke.100"
              }
            ],
            "node_pool_defaults": [
              {
                "node_config_defaults": [
                  {
                    "logging_variant": "DEFAULT"
                  }
                ]
              }
            ],
            "node_version": "1.27.3-gke.100",
            "notification_config": [
              {
                "pubsub": [
                  {
                    "enabled": false,
                    "filter": [],
                    "topic": ""
                  }
                ]
              }
            ],
            "operation": null,
            "private_cluster_config": [
              {
                "enable_private_endpoint": false,
                "enable_private_nodes": true,
                "master_global_access_config": [
                  {
                    "enabled": false
                  }
                ],
                "master_ipv4_cidr_block": "172.16.0.0/28",
                "peering_name": "gke-nabc2bf08dd6b9b7d6e2-4a69-0717-peer",
                "private_endpoint": "172.16.0.2",
                "private_endpoint_subnetwork": "",
                "public_endpoint": "35.184.111.229"
              }
            ],
            "private_ipv6_google_access": "",
            "project": "arcs-391022",
            "release_channel": [
              {
                "channel": "REGULAR"
              }
            ],
            "remove_default_node_pool": true,
            "resource_labels": {},
            "resource_usage_export_config": [],
            "security_posture_config": [
              {
                "mode": "BASIC",
                "vulnerability_mode": "VULNERABILITY_MODE_UNSPECIFIED"
              }
            ],
            "self_link": "https://container.googleapis.com/v1/projects/arcs-391022/locations/us-central1/clusters/arcs-go-cluster",
            "service_external_ips_config": [
              {
                "enabled": false
              }
            ],
            "services_ipv4_cidr": "10.16.0.0/20",
            "subnetwork": "projects/arcs-391022/regions/us-central1/subnetworks/arcs-subnet",
            "timeouts": null,
            "tpu_ipv4_cidr_block": "",
            "vertical_pod_autoscaling": [],
            "workload_identity_config": []
          },
          "sensitive_attributes": [],
          "private": "eyJlMmJmYjczMC1lY2FhLTExZTYtOGY4OC0zNDM2M2JjN2M0YzAiOnsiY3JlYXRlIjoyNDAwMDAwMDAwMDAwLCJkZWxldGUiOjI0MDAwMDAwMDAwMDAsInJlYWQiOjI0MDAwMDAwMDAwMDAsInVwZGF0ZSI6MzYwMDAwMDAwMDAwMH0sInNjaGVtYV92ZXJzaW9uIjoiMSJ9",
          "dependencies": [
            "google_compute_network.custom_vpc",
            "google_compute_subnetwork.custom_subnet"
          ]
        }
      ]
    },
    {
      "mode": "managed",
      "type": "google_container_node_pool",
      "name": "primary_nodes",
      "provider": "provider[\"registry.terraform.io/hashicorp/google\"]",
      "instances": [
        {
          "schema_version": 1,
          "attributes": {
            "autoscaling": [],
            "cluster": "arcs-go-cluster",
            "id": "projects/arcs-391022/locations/us-central1/clusters/arcs-go-cluster/nodePools/arcs-go-cluster-node-pool",
            "initial_node_count": 1,
            "instance_group_urls": [
              "https://www.googleapis.com/compute/v1/projects/arcs-391022/zones/us-central1-a/instanceGroupManagers/gke-arcs-go-cluster-arcs-go-cluster-n-c3b4d5de-grp",
              "https://www.googleapis.com/compute/v1/projects/arcs-391022/zones/us-central1-b/instanceGroupManagers/gke-arcs-go-cluster-arcs-go-cluster-n-b1bcc240-grp",
              "https://www.googleapis.com/compute/v1/projects/arcs-391022/zones/us-central1-c/instanceGroupManagers/gke-arcs-go-cluster-arcs-go-cluster-n-83892c85-grp"
            ],
            "location": "us-central1",
            "managed_instance_group_urls": [
              "https://www.googleapis.com/compute/v1/projects/arcs-391022/zones/us-central1-a/instanceGroups/gke-arcs-go-cluster-arcs-go-cluster-n-c3b4d5de-grp",
              "https://www.googleapis.com/compute/v1/projects/arcs-391022/zones/us-central1-b/instanceGroups/gke-arcs-go-cluster-arcs-go-cluster-n-b1bcc240-grp",
              "https://www.googleapis.com/compute/v1/projects/arcs-391022/zones/us-central1-c/instanceGroups/gke-arcs-go-cluster-arcs-go-cluster-n-83892c85-grp"
            ],
            "management": [
              {
                "auto_repair": true,
                "auto_upgrade": true
              }
            ],
            "max_pods_per_node": 110,
            "name": "arcs-go-cluster-node-pool",
            "name_prefix": "",
            "network_config": [
              {
                "create_pod_range": false,
                "enable_private_nodes": false,
                "pod_cidr_overprovision_config": [],
                "pod_ipv4_cidr_block": "10.12.0.0/14",
                "pod_range": "gke-arcs-go-cluster-pods-76515899"
              }
            ],
            "node_config": [
              {
                "advanced_machine_features": [],
                "boot_disk_kms_key": "",
                "disk_size_gb": 30,
                "disk_type": "pd-balanced",
                "ephemeral_storage_local_ssd_config": [],
                "gcfs_config": [],
                "guest_accelerator": [],
                "gvnic": [],
                "host_maintenance_policy": [],
                "image_type": "COS_CONTAINERD",
                "kubelet_config": [],
                "labels": {},
                "linux_node_config": [],
                "local_nvme_ssd_block_config": [],
                "local_ssd_count": 0,
                "logging_variant": "DEFAULT",
                "machine_type": "n1-standard-1",
                "metadata": {
                  "disable-legacy-endpoints": "true"
                },
                "min_cpu_platform": "",
                "node_group": "",
                "oauth_scopes": [
                  "https://www.googleapis.com/auth/logging.write",
                  "https://www.googleapis.com/auth/monitoring"
                ],
                "preemptible": false,
                "reservation_affinity": [],
                "resource_labels": {},
                "service_account": "default",
                "shielded_instance_config": [
                  {
                    "enable_integrity_monitoring": true,
                    "enable_secure_boot": false
                  }
                ],
                "sole_tenant_config": [],
                "spot": false,
                "tags": [],
                "taint": [],
                "workload_metadata_config": []
              }
            ],
            "node_count": 1,
            "node_locations": [
              "us-central1-a",
              "us-central1-b",
              "us-central1-c"
            ],
            "operation": null,
            "placement_policy": [],
            "project": "arcs-391022",
            "timeouts": null,
            "upgrade_settings": [
              {
                "blue_green_settings": [],
                "max_surge": 1,
                "max_unavailable": 0,
                "strategy": "SURGE"
              }
            ],
            "version": "1.27.3-gke.100"
          },
          "sensitive_attributes": [],
          "private": "eyJlMmJmYjczMC1lY2FhLTExZTYtOGY4OC0zNDM2M2JjN2M0YzAiOnsiY3JlYXRlIjoxODAwMDAwMDAwMDAwLCJkZWxldGUiOjE4MDAwMDAwMDAwMDAsInVwZGF0ZSI6MTgwMDAwMDAwMDAwMH0sInNjaGVtYV92ZXJzaW9uIjoiMSJ9",
          "dependencies": [
            "google_compute_network.custom_vpc",
            "google_compute_subnetwork.custom_subnet",
            "google_container_cluster.primary"
          ]
        }
      ]
    },
    {
      "mode": "managed",
      "type": "google_project_iam_member",
      "name": "arcs_go_gke_developer",
      "provider": "provider[\"registry.terraform.io/hashicorp/google\"]",
      "instances": [
        {
          "schema_version": 0,
          "attributes": {
            "condition": [],
            "etag": "BwYEHadzqaA=",
            "id": "arcs-391022/roles/container.developer/serviceAccount:arcs-go-service-account@arcs-391022.iam.gserviceaccount.com",
            "member": "serviceAccount:arcs-go-service-account@arcs-391022.iam.gserviceaccount.com",
            "project": "arcs-391022",
            "role": "roles/container.developer"
          },
          "sensitive_attributes": [],
          "private": "bnVsbA==",
          "dependencies": [
            "google_service_account.arcs_go"
          ]
        }
      ]
    },
    {
      "mode": "managed",
      "type": "google_project_iam_member",
      "name": "frontend-admin",
      "provider": "provider[\"registry.terraform.io/hashicorp/google\"]",
      "instances": [
        {
          "schema_version": 0,
          "attributes": {
            "condition": [],
            "etag": "BwYEHadzqaA=",
            "id": "arcs-391022/roles/run.admin/serviceAccount:frontend-service-account@arcs-391022.iam.gserviceaccount.com",
            "member": "serviceAccount:frontend-service-account@arcs-391022.iam.gserviceaccount.com",
            "project": "arcs-391022",
            "role": "roles/run.admin"
          },
          "sensitive_attributes": [],
          "private": "bnVsbA==",
          "dependencies": [
            "google_service_account.frontend"
          ]
        }
      ]
    },
    {
      "mode": "managed",
      "type": "google_project_iam_member",
      "name": "frontend-invoker",
      "provider": "provider[\"registry.terraform.io/hashicorp/google\"]",
      "instances": [
        {
          "schema_version": 0,
          "attributes": {
            "condition": [],
            "etag": "BwYEHadzqaA=",
            "id": "arcs-391022/roles/run.invoker/serviceAccount:frontend-service-account@arcs-391022.iam.gserviceaccount.com",
            "member": "serviceAccount:frontend-service-account@arcs-391022.iam.gserviceaccount.com",
            "project": "arcs-391022",
            "role": "roles/run.invoker"
          },
          "sensitive_attributes": [],
          "private": "bnVsbA==",
          "dependencies": [
            "google_service_account.frontend"
          ]
        }
      ]
    },
    {
      "mode": "managed",
      "type": "google_project_service",
      "name": "cloud_run_api",
      "provider": "provider[\"registry.terraform.io/hashicorp/google\"]",
      "instances": [
        {
          "schema_version": 0,
          "attributes": {
            "disable_dependent_services": null,
            "disable_on_destroy": true,
            "id": "arcs-391022/run.googleapis.com",
            "project": "arcs-391022",
            "service": "run.googleapis.com",
            "timeouts": null
          },
          "sensitive_attributes": [],
          "private": "eyJlMmJmYjczMC1lY2FhLTExZTYtOGY4OC0zNDM2M2JjN2M0YzAiOnsiY3JlYXRlIjoxMjAwMDAwMDAwMDAwLCJkZWxldGUiOjEyMDAwMDAwMDAwMDAsInJlYWQiOjYwMDAwMDAwMDAwMCwidXBkYXRlIjoxMjAwMDAwMDAwMDAwfX0="
        }
      ]
    },
    {
      "mode": "managed",
      "type": "google_project_service",
      "name": "cloudbuild_api",
      "provider": "provider[\"registry.terraform.io/hashicorp/google\"]",
      "instances": [
        {
          "schema_version": 0,
          "attributes": {
            "disable_dependent_services": null,
            "disable_on_destroy": true,
            "id": "arcs-391022/cloudbuild.googleapis.com",
            "project": "arcs-391022",
            "service": "cloudbuild.googleapis.com",
            "timeouts": null
          },
          "sensitive_attributes": [],
          "private": "eyJlMmJmYjczMC1lY2FhLTExZTYtOGY4OC0zNDM2M2JjN2M0YzAiOnsiY3JlYXRlIjoxMjAwMDAwMDAwMDAwLCJkZWxldGUiOjEyMDAwMDAwMDAwMDAsInJlYWQiOjYwMDAwMDAwMDAwMCwidXBkYXRlIjoxMjAwMDAwMDAwMDAwfX0="
        }
      ]
    },
    {
      "mode": "managed",
      "type": "google_project_service",
      "name": "cloudsql_admin_api",
      "provider": "provider[\"registry.terraform.io/hashicorp/google\"]",
      "instances": [
        {
          "schema_version": 0,
          "attributes": {
            "disable_dependent_services": null,
            "disable_on_destroy": true,
            "id": "arcs-391022/sqladmin.googleapis.com",
            "project": "arcs-391022",
            "service": "sqladmin.googleapis.com",
            "timeouts": null
          },
          "sensitive_attributes": [],
          "private": "eyJlMmJmYjczMC1lY2FhLTExZTYtOGY4OC0zNDM2M2JjN2M0YzAiOnsiY3JlYXRlIjoxMjAwMDAwMDAwMDAwLCJkZWxldGUiOjEyMDAwMDAwMDAwMDAsInJlYWQiOjYwMDAwMDAwMDAwMCwidXBkYXRlIjoxMjAwMDAwMDAwMDAwfX0="
        }
      ]
    },
    {
      "mode": "managed",
      "type": "google_project_service",
      "name": "compute_api",
      "provider": "provider[\"registry.terraform.io/hashicorp/google\"]",
      "instances": [
        {
          "schema_version": 0,
          "attributes": {
            "disable_dependent_services": null,
            "disable_on_destroy": true,
            "id": "arcs-391022/compute.googleapis.com",
            "project": "arcs-391022",
            "service": "compute.googleapis.com",
            "timeouts": null
          },
          "sensitive_attributes": [],
          "private": "eyJlMmJmYjczMC1lY2FhLTExZTYtOGY4OC0zNDM2M2JjN2M0YzAiOnsiY3JlYXRlIjoxMjAwMDAwMDAwMDAwLCJkZWxldGUiOjEyMDAwMDAwMDAwMDAsInJlYWQiOjYwMDAwMDAwMDAwMCwidXBkYXRlIjoxMjAwMDAwMDAwMDAwfX0="
        }
      ]
    },
    {
      "mode": "managed",
      "type": "google_project_service",
      "name": "secret_manager_api",
      "provider": "provider[\"registry.terraform.io/hashicorp/google\"]",
      "instances": [
        {
          "schema_version": 0,
          "attributes": {
            "disable_dependent_services": null,
            "disable_on_destroy": true,
            "id": "arcs-391022/secretmanager.googleapis.com",
            "project": "arcs-391022",
            "service": "secretmanager.googleapis.com",
            "timeouts": null
          },
          "sensitive_attributes": [],
          "private": "eyJlMmJmYjczMC1lY2FhLTExZTYtOGY4OC0zNDM2M2JjN2M0YzAiOnsiY3JlYXRlIjoxMjAwMDAwMDAwMDAwLCJkZWxldGUiOjEyMDAwMDAwMDAwMDAsInJlYWQiOjYwMDAwMDAwMDAwMCwidXBkYXRlIjoxMjAwMDAwMDAwMDAwfX0="
        }
      ]
    },
    {
      "mode": "managed",
      "type": "google_project_service",
      "name": "service_networking_api",
      "provider": "provider[\"registry.terraform.io/hashicorp/google\"]",
      "instances": [
        {
          "schema_version": 0,
          "attributes": {
            "disable_dependent_services": null,
            "disable_on_destroy": true,
            "id": "arcs-391022/servicenetworking.googleapis.com",
            "project": "arcs-391022",
            "service": "servicenetworking.googleapis.com",
            "timeouts": null
          },
          "sensitive_attributes": [],
          "private": "eyJlMmJmYjczMC1lY2FhLTExZTYtOGY4OC0zNDM2M2JjN2M0YzAiOnsiY3JlYXRlIjoxMjAwMDAwMDAwMDAwLCJkZWxldGUiOjEyMDAwMDAwMDAwMDAsInJlYWQiOjYwMDAwMDAwMDAwMCwidXBkYXRlIjoxMjAwMDAwMDAwMDAwfX0="
        }
      ]
    },
    {
      "mode": "managed",
      "type": "google_project_service",
      "name": "vpc_api",
      "provider": "provider[\"registry.terraform.io/hashicorp/google\"]",
      "instances": [
        {
          "schema_version": 0,
          "attributes": {
            "disable_dependent_services": null,
            "disable_on_destroy": true,
            "id": "arcs-391022/compute.googleapis.com",
            "project": "arcs-391022",
            "service": "compute.googleapis.com",
            "timeouts": null
          },
          "sensitive_attributes": [],
          "private": "eyJlMmJmYjczMC1lY2FhLTExZTYtOGY4OC0zNDM2M2JjN2M0YzAiOnsiY3JlYXRlIjoxMjAwMDAwMDAwMDAwLCJkZWxldGUiOjEyMDAwMDAwMDAwMDAsInJlYWQiOjYwMDAwMDAwMDAwMCwidXBkYXRlIjoxMjAwMDAwMDAwMDAwfX0="
        }
      ]
    },
    {
      "mode": "managed",
      "type": "google_service_account",
      "name": "arcs_go",
      "provider": "provider[\"registry.terraform.io/hashicorp/google\"]",
      "instances": [
        {
          "schema_version": 0,
          "attributes": {
            "account_id": "arcs-go-service-account",
            "description": "",
            "disabled": false,
            "display_name": "Service account for the arcs-go backend service",
            "email": "arcs-go-service-account@arcs-391022.iam.gserviceaccount.com",
            "id": "projects/arcs-391022/serviceAccounts/arcs-go-service-account@arcs-391022.iam.gserviceaccount.com",
            "member": "serviceAccount:arcs-go-service-account@arcs-391022.iam.gserviceaccount.com",
            "name": "projects/arcs-391022/serviceAccounts/arcs-go-service-account@arcs-391022.iam.gserviceaccount.com",
            "project": "arcs-391022",
            "timeouts": null,
            "unique_id": "106298704931091716754"
          },
          "sensitive_attributes": [],
          "private": "eyJlMmJmYjczMC1lY2FhLTExZTYtOGY4OC0zNDM2M2JjN2M0YzAiOnsiY3JlYXRlIjozMDAwMDAwMDAwMDB9fQ=="
        }
      ]
    },
    {
      "mode": "managed",
      "type": "google_service_account",
      "name": "frontend",
      "provider": "provider[\"registry.terraform.io/hashicorp/google\"]",
      "instances": [
        {
          "schema_version": 0,
          "attributes": {
            "account_id": "frontend-service-account",
            "description": "",
            "disabled": false,
            "display_name": "Service account for the Cloud Run frontend service",
            "email": "frontend-service-account@arcs-391022.iam.gserviceaccount.com",
            "id": "projects/arcs-391022/serviceAccounts/frontend-service-account@arcs-391022.iam.gserviceaccount.com",
            "member": "serviceAccount:frontend-service-account@arcs-391022.iam.gserviceaccount.com",
            "name": "projects/arcs-391022/serviceAccounts/frontend-service-account@arcs-391022.iam.gserviceaccount.com",
            "project": "arcs-391022",
            "timeouts": null,
            "unique_id": "105998184561938107843"
          },
          "sensitive_attributes": [],
          "private": "eyJlMmJmYjczMC1lY2FhLTExZTYtOGY4OC0zNDM2M2JjN2M0YzAiOnsiY3JlYXRlIjozMDAwMDAwMDAwMDB9fQ=="
        }
      ]
    },
    {
      "mode": "managed",
      "type": "google_service_account_key",
      "name": "frontend_key",
      "provider": "provider[\"registry.terraform.io/hashicorp/google\"]",
      "instances": [
        {
          "schema_version": 0,
          "attributes": {
            "id": "projects/arcs-391022/serviceAccounts/frontend-service-account@arcs-391022.iam.gserviceaccount.com/keys/02dd6259aa28e45d171103197e7063c10e65aec8",
            "keepers": null,
            "key_algorithm": "KEY_ALG_RSA_2048",
            "name": "projects/arcs-391022/serviceAccounts/frontend-service-account@arcs-391022.iam.gserviceaccount.com/keys/02dd6259aa28e45d171103197e7063c10e65aec8",
            "private_key": "ewogICJ0eXBlIjogInNlcnZpY2VfYWNjb3VudCIsCiAgInByb2plY3RfaWQiOiAiYXJjcy0zOTEwMjIiLAogICJwcml2YXRlX2tleV9pZCI6ICIwMmRkNjI1OWFhMjhlNDVkMTcxMTAzMTk3ZTcwNjNjMTBlNjVhZWM4IiwKICAicHJpdmF0ZV9rZXkiOiAiLS0tLS1CRUdJTiBQUklWQVRFIEtFWS0tLS0tXG5NSUlFdmdJQkFEQU5CZ2txaGtpRzl3MEJBUUVGQUFTQ0JLZ3dnZ1NrQWdFQUFvSUJBUUN5U3NidjNtVTg5K0RBXG5ONWxrWldVZEowNi9PWjNQSXcrd1poMk9oV3NxaHFqS3F4QmR5Nmk4ZTl4dlE2SS9UNmkzYTFVZHdPNU9lYmNzXG5Zc0RhK3NPS2JQYzNsLzk2ZS91YjR1U3dubEttWXpnb1JuQyt3bFp5bWljTC8yaUdFMTJKQzFRMy9aVER6dVp6XG5jc3Jyb1hOaXJqUWtZMHB3VVEvRndmbkRUOGh2bTZvSU04Y1BGNWdwTUsySkZrRmxsU1VNS1JGUVRXQmNMekFFXG5NVkx6b1BzRTNkak9vQlpGMEthYzhCeXQ1OGp3dHdNcjlFbkxrWGZEdGVIZ3F3WVNMcUFEQ1FuZVVFd2ppVVlDXG5NSnlGdk84RURubDFHTkl3MTluWHl5WlRlQzBSRXl0ZXFXd2IrTzVyQ2d5aUdKaDRnZDc2MDRBVWFHK0pqR2ZUXG5qWE1JaTZCSkFnTUJBQUVDZ2dFQUFsaEFWSXFJQVg1MGRzSkI1dXY4U2c0M3k2YkZFOGUwSzJTdGREbitkUTRMXG5pdjVDUml2VFVtOGxYSWxKZnpzMCtOUUdIM0pubklvWUFhUGN5Rm1EajZJNjRiYTRxcE5MK090eU1QMXZNb2tyXG5BaXl4TUg2NmNjTzdUYk83Ny9pZHg0UGNaeDFRQVVMMjJweDhxcW42cFcwZmtkSFZRU25PUm5ETUI2Yml6NFRRXG55bXo1MkRMTXkreUVtWnFJbDAyRUxhdHUwNGZ6SHlIVStWREVIUW5uK2trc3k5QVFhbk9qc2tFc0VNcWEwVjFqXG5yeGpHU3ZXY3JIVmRZaW0zeFhrcHF6ZFEyNEdqYUVtSjFqNFE3eXQ2L1dZUm9temRJQmFrU3hSckVVYnBnY2FSXG5OQTA2RFFTNXczZU1NKzc3RnlBVDAyV25ROWZOYk1zdGJhdHhXT2xRMVFLQmdRRDJld1UxT3N1a2VUL1ZaWXdlXG52OWpCRWtQYjRLN0pCNmF5RC9lY0RESDdLL1l2anlQWHRlaWZQUFBhVnE3ZUk0bmxLU2wrUTRneXR1NER4MVRGXG5qeEY4d3Rvc2lQSURLTW9yV01DY04wTy8zVXIzYVdHamhyNW15ZGJveDhyeE10dlI3aGQySXVsQkVYa2MvbmZ0XG5ISlM2VHdoNFlWU25pTGZUcjdUdjU5UGpIUUtCZ1FDNUxaSDZHM3dsUjFGenhsdjQ1c3FlUFVWdkpjd1ptQnE3XG52dnlkYmZ6YTQ0eHVRZEFxQWcySzlnQ1lrUnR1c24zdHVKNWlNcXgvK2dXSEVBSlpyOVRvSThWZUpYdHZTbGQ3XG4zcDg1OXZoamFhK3I5NUMzM0dxaWdqd25vQU5uWlk0cE9sSkgrUDZudVRPY3MxMjg2eC9aN1JnSVRtNnVXemh5XG5JeFEwaDZ1ZUhRS0JnUUN0Q1hhQmhSSmNHRWNwRUE1THRCRitrYzBUK3V1WjlBWWg4Ylc2VnBGc0xOTzdWYmtyXG5BZWthaVpjRVRHQ2RVTVBKSHBtanE5TmREekdQYzR2ZTJlN0Q4S05zS29RRWxjbEFueUV4U2xjRXhsMlB6ZXFlXG4rOFNGc3VOdUxuMFowY09pNEl5V0FqSlEzT3h5MzI3Z0JuV2ZTa2EvQkUyREJDZFJ0SVBJL0s2elBRS0JnRVR0XG5LMnJYRkN5a0VUTnc0QWNUa05PNXBzQ3Fad0FYMTh1T1dXVVg3WWhrTG45VHkvSDI5YWVGemM3OEpDUGVHSFdGXG54SjUwa2pUSWtZb21jVm1FMDFEZEQ3ZnRaN2FUQzJFMkNqcC9MUkdENHptMVdvNjFZcE8rdWpsZG5DYStiRjM0XG5NV3hNeUMwU0NKNEpQWmoyUTlMUUo2UGYzZDdVWVh4S2hsalBMeGdaQW9HQkFMR2lTUndaRmxsZ2QyZlpISlF3XG5VV21vU3NsNHRpZnNSVUVubDNETENZVXlRUFBSYk0xYjZ5Q1JORUxJdFk3anZCdVF0NEkzekIxYS9nT0J1UVJBXG5ZQXhnZmhvcFVWTkViWEN4cHJOd2docU5BZ2tMcHdWbS8rSm9zY3NOc2ZKNlZVbEFkNjJ0Nk1TYkJUK3Z1ZGVlXG4wSnhlVEpobHpQVWIvQWltVEE1MUxkdWJcbi0tLS0tRU5EIFBSSVZBVEUgS0VZLS0tLS1cbiIsCiAgImNsaWVudF9lbWFpbCI6ICJmcm9udGVuZC1zZXJ2aWNlLWFjY291bnRAYXJjcy0zOTEwMjIuaWFtLmdzZXJ2aWNlYWNjb3VudC5jb20iLAogICJjbGllbnRfaWQiOiAiMTA1OTk4MTg0NTYxOTM4MTA3ODQzIiwKICAiYXV0aF91cmkiOiAiaHR0cHM6Ly9hY2NvdW50cy5nb29nbGUuY29tL28vb2F1dGgyL2F1dGgiLAogICJ0b2tlbl91cmkiOiAiaHR0cHM6Ly9vYXV0aDIuZ29vZ2xlYXBpcy5jb20vdG9rZW4iLAogICJhdXRoX3Byb3ZpZGVyX3g1MDlfY2VydF91cmwiOiAiaHR0cHM6Ly93d3cuZ29vZ2xlYXBpcy5jb20vb2F1dGgyL3YxL2NlcnRzIiwKICAiY2xpZW50X3g1MDlfY2VydF91cmwiOiAiaHR0cHM6Ly93d3cuZ29vZ2xlYXBpcy5jb20vcm9ib3QvdjEvbWV0YWRhdGEveDUwOS9mcm9udGVuZC1zZXJ2aWNlLWFjY291bnQlNDBhcmNzLTM5MTAyMi5pYW0uZ3NlcnZpY2VhY2NvdW50LmNvbSIsCiAgInVuaXZlcnNlX2RvbWFpbiI6ICJnb29nbGVhcGlzLmNvbSIKfQo=",
            "private_key_type": "TYPE_GOOGLE_CREDENTIALS_FILE",
            "public_key": "LS0tLS1CRUdJTiBDRVJUSUZJQ0FURS0tLS0tCk1JSUMvRENDQWVTZ0F3SUJBZ0lJZDdzZVlOSm92UkF3RFFZSktvWklodmNOQVFFRkJRQXdJREVlTUJ3R0ExVUUKQXhNVk1UQTFPVGs0TVRnME5UWXhPVE00TVRBM09EUXpNQ0FYRFRJek1EZ3pNREEyTURFd05sb1lEems1T1RreApNak14TWpNMU9UVTVXakFnTVI0d0hBWURWUVFERXhVeE1EVTVPVGd4T0RRMU5qRTVNemd4TURjNE5ETXdnZ0VpCk1BMEdDU3FHU0liM0RRRUJBUVVBQTRJQkR3QXdnZ0VLQW9JQkFRQ3lTc2J2M21VODkrREFONWxrWldVZEowNi8KT1ozUEl3K3daaDJPaFdzcWhxaktxeEJkeTZpOGU5eHZRNkkvVDZpM2ExVWR3TzVPZWJjc1lzRGErc09LYlBjMwpsLzk2ZS91YjR1U3dubEttWXpnb1JuQyt3bFp5bWljTC8yaUdFMTJKQzFRMy9aVER6dVp6Y3Nycm9YTmlyalFrClkwcHdVUS9Gd2ZuRFQ4aHZtNm9JTThjUEY1Z3BNSzJKRmtGbGxTVU1LUkZRVFdCY0x6QUVNVkx6b1BzRTNkak8Kb0JaRjBLYWM4Qnl0NThqd3R3TXI5RW5Ma1hmRHRlSGdxd1lTTHFBRENRbmVVRXdqaVVZQ01KeUZ2TzhFRG5sMQpHTkl3MTluWHl5WlRlQzBSRXl0ZXFXd2IrTzVyQ2d5aUdKaDRnZDc2MDRBVWFHK0pqR2ZUalhNSWk2QkpBZ01CCkFBR2pPREEyTUF3R0ExVWRFd0VCL3dRQ01BQXdEZ1lEVlIwUEFRSC9CQVFEQWdlQU1CWUdBMVVkSlFFQi93UU0KTUFvR0NDc0dBUVVGQndNQ01BMEdDU3FHU0liM0RRRUJCUVVBQTRJQkFRQm95ZnVCZ00rVjVGNUVOcGNHa2ptaQpZYk11WHRqRXZaWmk0bFVHdFlRTW1ZNVJ2SW0rMFNhdjNRL3NZeEFDWm9hWlpxaWNjV0JaeGxveHVuVDkveXczCk1GcTNmU1VtQ0t2aWlFUkJ3VDBUY0dTeGlZUzJTNXgwMjVsazBZejVNcGNNaGl1amxFUG9SYzIvQlhWYjd0a3cKZTF1WFViWEg5YXFvQ1VrYktZL3Q2V29aV0xMNVYwL3NpVEdlUjJsR3ZtV0ZYeDBoSU1MbEJqRmZSYWxWM3FqdQp3NkRWYnB2aldTVnZYemtOMWtWR00xeXM3Zm85R2p5dWY3VlZyeENvWDcva1lJUlU2dDdRZkFNbnRYNHpzcmRKCjl4WWJnRWp1V0tUbTdVUFdYNGdNV2RwSG9yOXZKVktLcHdGWFN2dzRDTkdVYnhXN3g4N0VLQWFwM0kxRTlwdGgKLS0tLS1FTkQgQ0VSVElGSUNBVEUtLS0tLQo=",
            "public_key_data": null,
            "public_key_type": "TYPE_X509_PEM_FILE",
            "service_account_id": "projects/arcs-391022/serviceAccounts/frontend-service-account@arcs-391022.iam.gserviceaccount.com",
            "valid_after": "2023-08-30T06:01:06Z",
            "valid_before": "9999-12-31T23:59:59Z"
          },
          "sensitive_attributes": [],
          "private": "bnVsbA==",
          "dependencies": [
            "google_service_account.frontend"
          ]
        }
      ]
    },
    {
      "mode": "managed",
      "type": "google_service_networking_connection",
      "name": "private_vpc_connection",
      "provider": "provider[\"registry.terraform.io/hashicorp/google\"]",
      "instances": [
        {
          "schema_version": 0,
          "attributes": {
            "id": "https%3A%2F%2Fwww.googleapis.com%2Fcompute%2Fv1%2Fprojects%2Farcs-391022%2Fglobal%2Fnetworks%2Farcs-vpc:servicenetworking.googleapis.com",
            "network": "https://www.googleapis.com/compute/v1/projects/arcs-391022/global/networks/arcs-vpc",
            "peering": "servicenetworking-googleapis-com",
            "reserved_peering_ranges": [
              "private-range"
            ],
            "service": "servicenetworking.googleapis.com",
            "timeouts": null
          },
          "sensitive_attributes": [],
          "private": "eyJlMmJmYjczMC1lY2FhLTExZTYtOGY4OC0zNDM2M2JjN2M0YzAiOnsiY3JlYXRlIjo2MDAwMDAwMDAwMDAsImRlbGV0ZSI6NjAwMDAwMDAwMDAwLCJ1cGRhdGUiOjYwMDAwMDAwMDAwMH19",
          "dependencies": [
            "google_compute_global_address.private_range",
            "google_compute_network.custom_vpc"
          ]
        }
      ]
    },
    {
      "mode": "managed",
      "type": "google_sql_database",
      "name": "default",
      "provider": "provider[\"registry.terraform.io/hashicorp/google\"]",
      "instances": [
        {
          "schema_version": 0,
          "attributes": {
            "charset": "UTF8",
            "collation": "en_US.UTF8",
            "deletion_policy": "DELETE",
            "id": "projects/arcs-391022/instances/arcs-sql-instance/databases/arcs_db",
            "instance": "arcs-sql-instance",
            "name": "arcs_db",
            "project": "arcs-391022",
            "self_link": "https://sqladmin.googleapis.com/sql/v1beta4/projects/arcs-391022/instances/arcs-sql-instance/databases/arcs_db",
            "timeouts": null
          },
          "sensitive_attributes": [],
          "private": "eyJlMmJmYjczMC1lY2FhLTExZTYtOGY4OC0zNDM2M2JjN2M0YzAiOnsiY3JlYXRlIjoxMjAwMDAwMDAwMDAwLCJkZWxldGUiOjEyMDAwMDAwMDAwMDAsInVwZGF0ZSI6MTIwMDAwMDAwMDAwMH19",
          "dependencies": [
            "google_compute_global_address.private_range",
            "google_compute_network.custom_vpc",
            "google_service_networking_connection.private_vpc_connection",
            "google_sql_database_instance.default"
          ]
        }
      ]
    },
    {
      "mode": "managed",
      "type": "google_sql_database_instance",
      "name": "default",
      "provider": "provider[\"registry.terraform.io/hashicorp/google\"]",
      "instances": [
        {
          "schema_version": 0,
          "attributes": {
            "available_maintenance_versions": [],
            "clone": [],
            "connection_name": "arcs-391022:us-central1:arcs-sql-instance",
            "database_version": "POSTGRES_13",
            "deletion_protection": true,
            "dns_name": "",
            "encryption_key_name": null,
            "first_ip_address": "35.232.99.237",
            "id": "arcs-sql-instance",
            "instance_type": "CLOUD_SQL_INSTANCE",
            "ip_address": [
              {
                "ip_address": "35.232.99.237",
                "time_to_retire": "",
                "type": "PRIMARY"
              },
              {
                "ip_address": "34.172.162.30",
                "time_to_retire": "",
                "type": "OUTGOING"
              },
              {
                "ip_address": "10.223.0.6",
                "time_to_retire": "",
                "type": "PRIVATE"
              }
            ],
            "maintenance_version": "POSTGRES_13_10.R20230530.01_11",
            "master_instance_name": "",
            "name": "arcs-sql-instance",
            "private_ip_address": "10.223.0.6",
            "project": "arcs-391022",
            "psc_service_attachment_link": "",
            "public_ip_address": "35.232.99.237",
            "region": "us-central1",
            "replica_configuration": [],
            "restore_backup_context": [],
            "root_password": null,
            "self_link": "https://sqladmin.googleapis.com/sql/v1beta4/projects/arcs-391022/instances/arcs-sql-instance",
            "server_ca_cert": [
              {
                "cert": "-----BEGIN CERTIFICATE-----\nMIIDfzCCAmegAwIBAgIBADANBgkqhkiG9w0BAQsFADB3MS0wKwYDVQQuEyQ3NGI2\nNTcwOC1mZGZlLTQ5Y2QtOWQ0YS02YjkxZWI1YWNjYzcxIzAhBgNVBAMTGkdvb2ds\nZSBDbG91ZCBTUUwgU2VydmVyIENBMRQwEgYDVQQKEwtHb29nbGUsIEluYzELMAkG\nA1UEBhMCVVMwHhcNMjMwODMwMDYwMTU1WhcNMzMwODI3MDYwMjU1WjB3MS0wKwYD\nVQQuEyQ3NGI2NTcwOC1mZGZlLTQ5Y2QtOWQ0YS02YjkxZWI1YWNjYzcxIzAhBgNV\nBAMTGkdvb2dsZSBDbG91ZCBTUUwgU2VydmVyIENBMRQwEgYDVQQKEwtHb29nbGUs\nIEluYzELMAkGA1UEBhMCVVMwggEiMA0GCSqGSIb3DQEBAQUAA4IBDwAwggEKAoIB\nAQDmNrPhDyHpb8K8g8w1eityY3ipXf0fAPNc9bDROZePSzqc2CKF1gnJgyk3w055\nY2jJNTkkhpHrqGF0cuciFZG6F9rtK148T3v2vxzslZl22FzXkSstfxRt4QTdUSQB\nYKDF77Jde/ULSxipuoBO8B4LAEZAOyq1nnDhOBAtUGmAtIlGolAyuioEGYPYHQdc\ntQg/+roB6fPKZLoCO3rsX5OA/l+Rwpm2yXPw6NlspCnLl/GoKTdOm/vJIY0I1Bkz\ngadwGHSupQ0VeMthbfmFcRPtVcz465sAugKtBDeX0rXkQC5jMzGqj9VBnK9+N/LQ\nnykoHUOxzvRmcwweGSESUsldAgMBAAGjFjAUMBIGA1UdEwEB/wQIMAYBAf8CAQAw\nDQYJKoZIhvcNAQELBQADggEBAJmxBC1J1/XszBPVHuE4cI9zo8jZK0JdXi82GT+P\nGxCZxa+kptLuK1c99nAPX6DjVCreRlsPd/iIjOit7BxxrH1C3jNVX3clEdXgVyuj\namJVw7TsVb0fDw9XGh6EwxdU0Wy6+MLtmU3sGh+vN8kew+Ni+QiIRdoRhxZDVys/\n9cOKYzLOAlcb/iq2aaqqYY0edCfYsh7WoAusZ+2taOICAlEs5shU616KCREu2EPf\nyU0nWCiRuCeIenxRb6z1sVOpImenCivWmOOvvmoHSQX35P0dGDX4K4ihaVg/68ne\n9KR5hyojNpwO2nHGk7yPHq9X3W4smn+pZK/TeH00pWV8myQ=\n-----END CERTIFICATE-----",
                "common_name": "C=US,O=Google\\, Inc,CN=Google Cloud SQL Server CA,dnQualifier=74b65708-fdfe-49cd-9d4a-6b91eb5accc7",
                "create_time": "2023-08-30T06:01:55.774Z",
                "expiration_time": "2033-08-27T06:02:55.774Z",
                "sha1_fingerprint": "a50f623ac9b5664fbae67678e8ac8ac122e853d5"
              }
            ],
            "service_account_email_address": "p994970677374-k7wgl3@gcp-sa-cloud-sql.iam.gserviceaccount.com",
            "settings": [
              {
                "activation_policy": "ALWAYS",
                "active_directory_config": [],
                "advanced_machine_features": [],
                "availability_type": "ZONAL",
                "backup_configuration": [
                  {
                    "backup_retention_settings": [
                      {
                        "retained_backups": 7,
                        "retention_unit": "COUNT"
                      }
                    ],
                    "binary_log_enabled": false,
                    "enabled": true,
                    "location": "",
                    "point_in_time_recovery_enabled": false,
                    "start_time": "06:00",
                    "transaction_log_retention_days": 7
                  }
                ],
                "collation": "",
                "connector_enforcement": "NOT_REQUIRED",
                "data_cache_config": [],
                "database_flags": [],
                "deletion_protection_enabled": false,
                "deny_maintenance_period": [],
                "disk_autoresize": true,
                "disk_autoresize_limit": 0,
                "disk_size": 10,
                "disk_type": "PD_SSD",
                "edition": "",
                "insights_config": [],
                "ip_configuration": [
                  {
                    "allocated_ip_range": "",
                    "authorized_networks": [
                      {
                        "expiration_time": "",
                        "name": "My network",
                        "value": "73.15.169.24"
                      }
                    ],
                    "enable_private_path_for_google_cloud_services": false,
                    "ipv4_enabled": true,
                    "private_network": "projects/arcs-391022/global/networks/arcs-vpc",
                    "psc_config": [],
                    "require_ssl": false
                  }
                ],
                "location_preference": [
                  {
                    "follow_gae_application": "",
                    "secondary_zone": "",
                    "zone": "us-central1-a"
                  }
                ],
                "maintenance_window": [],
                "password_validation_policy": [],
                "pricing_plan": "PER_USE",
                "sql_server_audit_config": [],
                "tier": "db-g1-small",
                "time_zone": "",
                "user_labels": {},
                "version": 2
              }
            ],
            "timeouts": null
          },
          "sensitive_attributes": [],
          "private": "eyJlMmJmYjczMC1lY2FhLTExZTYtOGY4OC0zNDM2M2JjN2M0YzAiOnsiY3JlYXRlIjoyNDAwMDAwMDAwMDAwLCJkZWxldGUiOjE4MDAwMDAwMDAwMDAsInVwZGF0ZSI6MTgwMDAwMDAwMDAwMH19",
          "dependencies": [
            "google_compute_global_address.private_range",
            "google_compute_network.custom_vpc",
            "google_service_networking_connection.private_vpc_connection"
          ]
        }
      ]
    },
    {
      "mode": "managed",
      "type": "google_sql_user",
      "name": "default",
      "provider": "provider[\"registry.terraform.io/hashicorp/google\"]",
      "instances": [
        {
          "schema_version": 1,
          "attributes": {
            "deletion_policy": null,
            "host": "",
            "id": "arcs_user//arcs-sql-instance",
            "instance": "arcs-sql-instance",
            "name": "arcs_user",
            "password": "OL1nbass47WWOnv",
            "password_policy": [],
            "project": "arcs-391022",
            "sql_server_user_details": [],
            "timeouts": null,
            "type": ""
          },
          "sensitive_attributes": [
            [
              {
                "type": "get_attr",
                "value": "password"
              }
            ]
          ],
          "private": "eyJlMmJmYjczMC1lY2FhLTExZTYtOGY4OC0zNDM2M2JjN2M0YzAiOnsiY3JlYXRlIjo2MDAwMDAwMDAwMDAsImRlbGV0ZSI6NjAwMDAwMDAwMDAwLCJ1cGRhdGUiOjYwMDAwMDAwMDAwMH0sInNjaGVtYV92ZXJzaW9uIjoiMSJ9",
          "dependencies": [
            "data.google_secret_manager_secret_version.db_password",
            "google_compute_global_address.private_range",
            "google_compute_network.custom_vpc",
            "google_service_networking_connection.private_vpc_connection",
            "google_sql_database_instance.default"
          ]
        }
      ]
    },
    {
      "mode": "managed",
      "type": "google_vpc_access_connector",
      "name": "connector",
      "provider": "provider[\"registry.terraform.io/hashicorp/google\"]",
      "instances": [
        {
          "schema_version": 0,
          "attributes": {
            "connected_projects": [],
            "id": "projects/arcs-391022/locations/us-central1/connectors/vpc-connector",
            "ip_cidr_range": "10.8.0.0/28",
            "machine_type": "e2-micro",
            "max_instances": 3,
            "max_throughput": 300,
            "min_instances": 2,
            "min_throughput": 200,
            "name": "vpc-connector",
            "network": "arcs-vpc",
            "project": "arcs-391022",
            "region": "us-central1",
            "self_link": "projects/arcs-391022/locations/us-central1/connectors/vpc-connector",
            "state": "READY",
            "subnet": [],
            "timeouts": null
          },
          "sensitive_attributes": [],
          "private": "eyJlMmJmYjczMC1lY2FhLTExZTYtOGY4OC0zNDM2M2JjN2M0YzAiOnsiY3JlYXRlIjoxMjAwMDAwMDAwMDAwLCJkZWxldGUiOjEyMDAwMDAwMDAwMDB9fQ==",
          "dependencies": [
            "google_compute_network.custom_vpc"
          ]
        }
      ]
    },
    {
      "mode": "managed",
      "type": "kubernetes_deployment",
      "name": "api_deployment",
      "provider": "provider[\"registry.terraform.io/hashicorp/kubernetes\"]",
      "instances": [
        {
          "schema_version": 1,
          "attributes": {
            "id": "arcs-go-namespace/api-deployment",
            "metadata": [
              {
                "annotations": null,
                "generate_name": "",
                "generation": 1,
                "labels": null,
                "name": "api-deployment",
                "namespace": "arcs-go-namespace",
                "resource_version": "1388918",
                "uid": "3e4decb5-e2e9-476f-a5ba-e2b1910a3fc7"
              }
            ],
            "spec": [
              {
                "min_ready_seconds": 0,
                "paused": false,
                "progress_deadline_seconds": 600,
                "replicas": "0",
                "revision_history_limit": 10,
                "selector": [
                  {
                    "match_expressions": [],
                    "match_labels": {
                      "app": "api"
                    }
                  }
                ],
                "strategy": [
                  {
                    "rolling_update": [
                      {
                        "max_surge": "25%",
                        "max_unavailable": "25%"
                      }
                    ],
                    "type": "RollingUpdate"
                  }
                ],
                "template": [
                  {
                    "metadata": [
                      {
                        "annotations": null,
                        "generate_name": "",
                        "generation": 0,
                        "labels": {
                          "app": "api"
                        },
                        "name": "",
                        "namespace": "",
                        "resource_version": "",
                        "uid": ""
                      }
                    ],
                    "spec": [
                      {
                        "active_deadline_seconds": 0,
                        "affinity": [],
                        "automount_service_account_token": true,
                        "container": [
                          {
                            "args": null,
                            "command": null,
                            "env": [],
                            "env_from": [],
                            "image": "gcr.io/arcs-391022/arcs-go:latest",
                            "image_pull_policy": "Always",
                            "lifecycle": [],
                            "liveness_probe": [],
                            "name": "api",
                            "port": [
                              {
                                "container_port": 8080,
                                "host_ip": "",
                                "host_port": 0,
                                "name": "",
                                "protocol": "TCP"
                              }
                            ],
                            "readiness_probe": [],
                            "resources": [
                              {
                                "limits": {},
                                "requests": {}
                              }
                            ],
                            "security_context": [],
                            "startup_probe": [],
                            "stdin": false,
                            "stdin_once": false,
                            "termination_message_path": "/dev/termination-log",
                            "termination_message_policy": "File",
                            "tty": false,
                            "volume_mount": [],
                            "working_dir": ""
                          }
                        ],
                        "dns_config": [],
                        "dns_policy": "ClusterFirst",
                        "enable_service_links": true,
                        "host_aliases": [],
                        "host_ipc": false,
                        "host_network": false,
                        "host_pid": false,
                        "hostname": "",
                        "image_pull_secrets": [],
                        "init_container": [],
                        "node_name": "",
                        "node_selector": null,
                        "priority_class_name": "",
                        "readiness_gate": [],
                        "restart_policy": "Always",
                        "runtime_class_name": "",
                        "scheduler_name": "default-scheduler",
                        "security_context": [],
                        "service_account_name": "",
                        "share_process_namespace": false,
                        "subdomain": "",
                        "termination_grace_period_seconds": 30,
                        "toleration": [],
                        "topology_spread_constraint": [],
                        "volume": []
                      }
                    ]
                  }
                ]
              }
            ],
            "timeouts": null,
            "wait_for_rollout": true
          },
          "sensitive_attributes": [],
          "private": "eyJlMmJmYjczMC1lY2FhLTExZTYtOGY4OC0zNDM2M2JjN2M0YzAiOnsiY3JlYXRlIjo2MDAwMDAwMDAwMDAsImRlbGV0ZSI6NjAwMDAwMDAwMDAwLCJ1cGRhdGUiOjYwMDAwMDAwMDAwMH0sInNjaGVtYV92ZXJzaW9uIjoiMSJ9",
          "dependencies": [
            "data.google_client_config.default",
            "google_container_cluster.primary",
            "kubernetes_namespace.arcs_go_namespace"
          ]
        }
      ]
    },
    {
      "mode": "managed",
      "type": "kubernetes_namespace",
      "name": "arcs_go_namespace",
      "provider": "provider[\"registry.terraform.io/hashicorp/kubernetes\"]",
      "instances": [
        {
          "schema_version": 0,
          "attributes": {
            "id": "arcs-go-namespace",
            "metadata": [
              {
                "annotations": {},
                "generate_name": "",
                "generation": 0,
                "labels": {},
                "name": "arcs-go-namespace",
                "resource_version": "623704",
                "uid": "f629d3a0-a60c-4def-8831-ac4b322bd502"
              }
            ],
            "timeouts": null,
            "wait_for_default_service_account": false
          },
          "sensitive_attributes": [],
          "private": "eyJlMmJmYjczMC1lY2FhLTExZTYtOGY4OC0zNDM2M2JjN2M0YzAiOnsiZGVsZXRlIjozMDAwMDAwMDAwMDB9fQ==",
          "dependencies": [
            "data.google_client_config.default",
            "google_compute_network.custom_vpc",
            "google_compute_subnetwork.custom_subnet",
            "google_container_cluster.primary"
          ]
        }
      ]
    },
    {
      "mode": "managed",
      "type": "kubernetes_service",
      "name": "api_service",
      "provider": "provider[\"registry.terraform.io/hashicorp/kubernetes\"]",
      "instances": [
        {
          "schema_version": 1,
          "attributes": {
            "id": "arcs-go-namespace/api-service",
            "metadata": [
              {
                "annotations": {},
                "generate_name": "",
                "generation": 0,
                "labels": {},
                "name": "api-service",
                "namespace": "arcs-go-namespace",
                "resource_version": "1307210",
                "uid": "64fc9fd5-54a2-4320-9633-cd88fd5fb4e0"
              }
            ],
            "spec": [
              {
                "allocate_load_balancer_node_ports": true,
                "cluster_ip": "10.16.1.25",
                "cluster_ips": [
                  "10.16.1.25"
                ],
                "external_ips": [],
                "external_name": "",
                "external_traffic_policy": "Cluster",
                "health_check_node_port": 0,
                "internal_traffic_policy": "Cluster",
                "ip_families": [
                  "IPv4"
                ],
                "ip_family_policy": "SingleStack",
                "load_balancer_class": "",
                "load_balancer_ip": "",
                "load_balancer_source_ranges": [],
                "port": [
                  {
                    "app_protocol": "",
                    "name": "",
                    "node_port": 30121,
                    "port": 80,
                    "protocol": "TCP",
                    "target_port": "8080"
                  }
                ],
                "publish_not_ready_addresses": false,
                "selector": {
                  "app": "api"
                },
                "session_affinity": "None",
                "session_affinity_config": [],
                "type": "LoadBalancer"
              }
            ],
            "status": [
              {
                "load_balancer": [
                  {
                    "ingress": [
                      {
                        "hostname": "",
                        "ip": "35.222.61.200"
                      }
                    ]
                  }
                ]
              }
            ],
            "timeouts": null,
            "wait_for_load_balancer": true
          },
          "sensitive_attributes": [],
          "private": "eyJlMmJmYjczMC1lY2FhLTExZTYtOGY4OC0zNDM2M2JjN2M0YzAiOnsiY3JlYXRlIjo2MDAwMDAwMDAwMDB9LCJzY2hlbWFfdmVyc2lvbiI6IjEifQ==",
          "dependencies": [
            "data.google_client_config.default",
            "google_compute_network.custom_vpc",
            "google_compute_subnetwork.custom_subnet",
            "google_container_cluster.primary",
            "kubernetes_namespace.arcs_go_namespace"
          ]
        }
      ]
    },
    {
      "mode": "managed",
      "type": "kubernetes_service_account",
      "name": "arcs_go_k8s_sa",
      "provider": "provider[\"registry.terraform.io/hashicorp/kubernetes\"]",
      "instances": [
        {
          "schema_version": 0,
          "attributes": {
            "automount_service_account_token": true,
            "default_secret_name": "",
            "id": "arcs-go-namespace/arcs-go-k8s-service-account",
            "image_pull_secret": [],
            "metadata": [
              {
                "annotations": {
                  "iam.gke.io/gcp-service-account": "arcs-go-service-account@arcs-391022.iam.gserviceaccount.com"
                },
                "generate_name": "",
                "generation": 0,
                "labels": {},
                "name": "arcs-go-k8s-service-account",
                "namespace": "arcs-go-namespace",
                "resource_version": "623715",
                "uid": "b9a0ed4e-6d41-40cb-8d22-d860c683676c"
              }
            ],
            "secret": [],
            "timeouts": null
          },
          "sensitive_attributes": [],
          "private": "eyJlMmJmYjczMC1lY2FhLTExZTYtOGY4OC0zNDM2M2JjN2M0YzAiOnsiY3JlYXRlIjozMDAwMDAwMDAwMH19",
          "dependencies": [
            "data.google_client_config.default",
            "google_compute_network.custom_vpc",
            "google_compute_subnetwork.custom_subnet",
            "google_container_cluster.primary",
            "google_service_account.arcs_go",
            "kubernetes_namespace.arcs_go_namespace"
          ]
        }
      ]
    }
  ],
  "check_results": null
}
